// !$*UTF8*$!
{
	archiveVersion = 1;
	classes = {
	};
	objectVersion = 46;
	objects = {

/* Begin PBXBuildFile section */
		9D9B34292F23760DBD87E9B4 /* libPods-TTNews.a in Frameworks */ = {isa = PBXBuildFile; fileRef = 59D897E651F8649ACCCD036B /* libPods-TTNews.a */; };
		EE3A071E1CDA1DAD0024C37A /* ContentTableViewController.m in Sources */ = {isa = PBXBuildFile; fileRef = EE3A071D1CDA1DAD0024C37A /* ContentTableViewController.m */; };
		EE4635C81CC72B8900DB248F /* main.m in Sources */ = {isa = PBXBuildFile; fileRef = EE4635C71CC72B8900DB248F /* main.m */; };
		EE4635D31CC72B8900DB248F /* Assets.xcassets in Resources */ = {isa = PBXBuildFile; fileRef = EE4635D21CC72B8900DB248F /* Assets.xcassets */; };
		EE4635E11CC72B8A00DB248F /* TTNewsTests.m in Sources */ = {isa = PBXBuildFile; fileRef = EE4635E01CC72B8A00DB248F /* TTNewsTests.m */; };
		EE4635EC1CC72B8A00DB248F /* TTNewsUITests.m in Sources */ = {isa = PBXBuildFile; fileRef = EE4635EB1CC72B8A00DB248F /* TTNewsUITests.m */; };
		EE4636B81CC7499D00DB248F /* LaunchScreen.xib in Resources */ = {isa = PBXBuildFile; fileRef = EE4636B71CC7499D00DB248F /* LaunchScreen.xib */; };
		EE4BEB5D1D5480E400B4A035 /* NewsURLs.plist in Resources */ = {isa = PBXBuildFile; fileRef = EE4BEB5C1D5480E400B4A035 /* NewsURLs.plist */; };
		EE79B10E1CC8C435001029EF /* AppInfoViewController.m in Sources */ = {isa = PBXBuildFile; fileRef = EE79B0901CC8C435001029EF /* AppInfoViewController.m */; };
		EE79B10F1CC8C435001029EF /* AppInfoViewController.xib in Resources */ = {isa = PBXBuildFile; fileRef = EE79B0911CC8C435001029EF /* AppInfoViewController.xib */; };
		EE79B1101CC8C435001029EF /* EditUserInfoViewController.m in Sources */ = {isa = PBXBuildFile; fileRef = EE79B0931CC8C435001029EF /* EditUserInfoViewController.m */; };
		EE79B1111CC8C435001029EF /* EditUserInfoViewController.xib in Resources */ = {isa = PBXBuildFile; fileRef = EE79B0941CC8C435001029EF /* EditUserInfoViewController.xib */; };
		EE79B1121CC8C435001029EF /* MeTableViewController.m in Sources */ = {isa = PBXBuildFile; fileRef = EE79B0961CC8C435001029EF /* MeTableViewController.m */; };
		EE79B1131CC8C435001029EF /* SendFeedbackViewController.m in Sources */ = {isa = PBXBuildFile; fileRef = EE79B0981CC8C435001029EF /* SendFeedbackViewController.m */; };
		EE79B1151CC8C435001029EF /* DetailViewController.m in Sources */ = {isa = PBXBuildFile; fileRef = EE79B0A01CC8C435001029EF /* DetailViewController.m */; };
		EE79B1161CC8C435001029EF /* NewsViewController.m in Sources */ = {isa = PBXBuildFile; fileRef = EE79B0A21CC8C435001029EF /* NewsViewController.m */; };
		EE79B1171CC8C435001029EF /* ShowMultiPictureViewController.m in Sources */ = {isa = PBXBuildFile; fileRef = EE79B0A41CC8C435001029EF /* ShowMultiPictureViewController.m */; };
		EE79B1181CC8C435001029EF /* TTHeaderNews.m in Sources */ = {isa = PBXBuildFile; fileRef = EE79B0A71CC8C435001029EF /* TTHeaderNews.m */; };
		EE79B1191CC8C435001029EF /* TTNormalNews.m in Sources */ = {isa = PBXBuildFile; fileRef = EE79B0A91CC8C435001029EF /* TTNormalNews.m */; };
		EE79B11A1CC8C435001029EF /* ChannelCollectionViewCell.m in Sources */ = {isa = PBXBuildFile; fileRef = EE79B0AC1CC8C435001029EF /* ChannelCollectionViewCell.m */; };
		EE79B11B1CC8C435001029EF /* ChannelCollectionViewCell.xib in Resources */ = {isa = PBXBuildFile; fileRef = EE79B0AD1CC8C435001029EF /* ChannelCollectionViewCell.xib */; };
		EE79B11C1CC8C435001029EF /* MultiPictureTableViewCell.m in Sources */ = {isa = PBXBuildFile; fileRef = EE79B0AF1CC8C435001029EF /* MultiPictureTableViewCell.m */; };
		EE79B11D1CC8C435001029EF /* MultiPictureTableViewCell.xib in Resources */ = {isa = PBXBuildFile; fileRef = EE79B0B01CC8C435001029EF /* MultiPictureTableViewCell.xib */; };
		EE79B11E1CC8C435001029EF /* NoPictureNewsTableViewCell.m in Sources */ = {isa = PBXBuildFile; fileRef = EE79B0B21CC8C435001029EF /* NoPictureNewsTableViewCell.m */; };
		EE79B11F1CC8C435001029EF /* NoPictureNewsTableViewCell.xib in Resources */ = {isa = PBXBuildFile; fileRef = EE79B0B31CC8C435001029EF /* NoPictureNewsTableViewCell.xib */; };
		EE79B1201CC8C435001029EF /* SinglePictureNewsTableViewCell.m in Sources */ = {isa = PBXBuildFile; fileRef = EE79B0B51CC8C435001029EF /* SinglePictureNewsTableViewCell.m */; };
		EE79B1211CC8C435001029EF /* SinglePictureNewsTableViewCell.xib in Resources */ = {isa = PBXBuildFile; fileRef = EE79B0B61CC8C435001029EF /* SinglePictureNewsTableViewCell.xib */; };
		EE79B1221CC8C435001029EF /* Foundation+Log.m in Sources */ = {isa = PBXBuildFile; fileRef = EE79B0B91CC8C435001029EF /* Foundation+Log.m */; };
		EE79B1231CC8C435001029EF /* NSDate+Extension.m in Sources */ = {isa = PBXBuildFile; fileRef = EE79B0BB1CC8C435001029EF /* NSDate+Extension.m */; };
		EE79B1241CC8C435001029EF /* UIBarButtonItem+Extension.m in Sources */ = {isa = PBXBuildFile; fileRef = EE79B0BD1CC8C435001029EF /* UIBarButtonItem+Extension.m */; };
		EE79B1251CC8C435001029EF /* UIImage+Extension.m in Sources */ = {isa = PBXBuildFile; fileRef = EE79B0BF1CC8C435001029EF /* UIImage+Extension.m */; };
		EE79B1261CC8C435001029EF /* UIImageView+Extension.m in Sources */ = {isa = PBXBuildFile; fileRef = EE79B0C11CC8C435001029EF /* UIImageView+Extension.m */; };
		EE79B1271CC8C435001029EF /* UIView+Extension.m in Sources */ = {isa = PBXBuildFile; fileRef = EE79B0C31CC8C435001029EF /* UIView+Extension.m */; };
		EE79B1281CC8C435001029EF /* TTConst.m in Sources */ = {isa = PBXBuildFile; fileRef = EE79B0C61CC8C435001029EF /* TTConst.m */; };
		EE79B1291CC8C435001029EF /* TTDataTool.m in Sources */ = {isa = PBXBuildFile; fileRef = EE79B0C81CC8C435001029EF /* TTDataTool.m */; };
		EE79B12A1CC8C435001029EF /* TTNormalNewsFetchDataParameter.m in Sources */ = {isa = PBXBuildFile; fileRef = EE79B0CA1CC8C435001029EF /* TTNormalNewsFetchDataParameter.m */; };
		EE79B12B1CC8C435001029EF /* TTPictureFetchDataParameter.m in Sources */ = {isa = PBXBuildFile; fileRef = EE79B0CC1CC8C435001029EF /* TTPictureFetchDataParameter.m */; };
		EE79B12C1CC8C435001029EF /* TTVideoFetchDataParameter.m in Sources */ = {isa = PBXBuildFile; fileRef = EE79B0CE1CC8C435001029EF /* TTVideoFetchDataParameter.m */; };
		EE79B12D1CC8C435001029EF /* AppDelegate.m in Sources */ = {isa = PBXBuildFile; fileRef = EE79B0D11CC8C435001029EF /* AppDelegate.m */; };
		EE79B12E1CC8C435001029EF /* TTNavigationController.m in Sources */ = {isa = PBXBuildFile; fileRef = EE79B0D31CC8C435001029EF /* TTNavigationController.m */; };
		EE79B12F1CC8C435001029EF /* TTTabBarController.m in Sources */ = {isa = PBXBuildFile; fileRef = EE79B0D51CC8C435001029EF /* TTTabBarController.m */; };
		EE79B1301CC8C435001029EF /* Reachability.m in Sources */ = {isa = PBXBuildFile; fileRef = EE79B0D81CC8C435001029EF /* Reachability.m */; };
		EE79B1311CC8C435001029EF /* TTJudgeNetworking.m in Sources */ = {isa = PBXBuildFile; fileRef = EE79B0DA1CC8C435001029EF /* TTJudgeNetworking.m */; };
		EE79B1321CC8C435001029EF /* PictureCommentViewController.m in Sources */ = {isa = PBXBuildFile; fileRef = EE79B0DE1CC8C435001029EF /* PictureCommentViewController.m */; };
		EE79B1331CC8C435001029EF /* PictureCommentViewController.xib in Resources */ = {isa = PBXBuildFile; fileRef = EE79B0DF1CC8C435001029EF /* PictureCommentViewController.xib */; };
		EE79B1341CC8C435001029EF /* PictureViewController.m in Sources */ = {isa = PBXBuildFile; fileRef = EE79B0E11CC8C435001029EF /* PictureViewController.m */; };
		EE79B1351CC8C435001029EF /* TTPicture.m in Sources */ = {isa = PBXBuildFile; fileRef = EE79B0E41CC8C435001029EF /* TTPicture.m */; };
		EE79B1361CC8C435001029EF /* TTPictureComment.m in Sources */ = {isa = PBXBuildFile; fileRef = EE79B0E61CC8C435001029EF /* TTPictureComment.m */; };
		EE79B1371CC8C435001029EF /* TTPictureUser.m in Sources */ = {isa = PBXBuildFile; fileRef = EE79B0E81CC8C435001029EF /* TTPictureUser.m */; };
		EE79B1381CC8C435001029EF /* PictureCommentCell.m in Sources */ = {isa = PBXBuildFile; fileRef = EE79B0EB1CC8C435001029EF /* PictureCommentCell.m */; };
		EE79B1391CC8C435001029EF /* PictureCommentCell.xib in Resources */ = {isa = PBXBuildFile; fileRef = EE79B0EC1CC8C435001029EF /* PictureCommentCell.xib */; };
		EE79B13A1CC8C435001029EF /* PictureTableViewCell.m in Sources */ = {isa = PBXBuildFile; fileRef = EE79B0EE1CC8C435001029EF /* PictureTableViewCell.m */; };
		EE79B13B1CC8C435001029EF /* PictureTableViewCell.xib in Resources */ = {isa = PBXBuildFile; fileRef = EE79B0EF1CC8C435001029EF /* PictureTableViewCell.xib */; };
		EE79B13C1CC8C435001029EF /* ShowBigPictureViewController.m in Sources */ = {isa = PBXBuildFile; fileRef = EE79B0F11CC8C435001029EF /* ShowBigPictureViewController.m */; };
		EE79B13D1CC8C435001029EF /* ShowBigPictureViewController.xib in Resources */ = {isa = PBXBuildFile; fileRef = EE79B0F21CC8C435001029EF /* ShowBigPictureViewController.xib */; };
		EE79B13E1CC8C435001029EF /* VideoCommentViewController.m in Sources */ = {isa = PBXBuildFile; fileRef = EE79B0F61CC8C435001029EF /* VideoCommentViewController.m */; };
		EE79B13F1CC8C435001029EF /* VideoCommentViewController.xib in Resources */ = {isa = PBXBuildFile; fileRef = EE79B0F71CC8C435001029EF /* VideoCommentViewController.xib */; };
		EE79B1401CC8C435001029EF /* VideoViewController.m in Sources */ = {isa = PBXBuildFile; fileRef = EE79B0F91CC8C435001029EF /* VideoViewController.m */; };
		EE79B1411CC8C435001029EF /* TTVideo.m in Sources */ = {isa = PBXBuildFile; fileRef = EE79B0FC1CC8C435001029EF /* TTVideo.m */; };
		EE79B1421CC8C435001029EF /* TTVideoComment.m in Sources */ = {isa = PBXBuildFile; fileRef = EE79B0FE1CC8C435001029EF /* TTVideoComment.m */; };
		EE79B1431CC8C435001029EF /* TTVideoUser.m in Sources */ = {isa = PBXBuildFile; fileRef = EE79B1001CC8C435001029EF /* TTVideoUser.m */; };
		EE79B1441CC8C435001029EF /* FullViewController.m in Sources */ = {isa = PBXBuildFile; fileRef = EE79B1031CC8C435001029EF /* FullViewController.m */; };
		EE79B1451CC8C435001029EF /* VideoPlayView.m in Sources */ = {isa = PBXBuildFile; fileRef = EE79B1051CC8C435001029EF /* VideoPlayView.m */; };
		EE79B1461CC8C435001029EF /* VideoPlayView.xib in Resources */ = {isa = PBXBuildFile; fileRef = EE79B1061CC8C435001029EF /* VideoPlayView.xib */; };
		EE79B1471CC8C435001029EF /* VideoCommentCell.m in Sources */ = {isa = PBXBuildFile; fileRef = EE79B1091CC8C435001029EF /* VideoCommentCell.m */; };
		EE79B1481CC8C435001029EF /* VideoCommentCell.xib in Resources */ = {isa = PBXBuildFile; fileRef = EE79B10A1CC8C435001029EF /* VideoCommentCell.xib */; };
		EE79B1491CC8C435001029EF /* VideoTableViewCell.m in Sources */ = {isa = PBXBuildFile; fileRef = EE79B10C1CC8C435001029EF /* VideoTableViewCell.m */; };
		EE79B14A1CC8C435001029EF /* VideoTableViewCell.xib in Resources */ = {isa = PBXBuildFile; fileRef = EE79B10D1CC8C435001029EF /* VideoTableViewCell.xib */; };
		EE8A19351D5AF9FD00BAE119 /* UserInfoCell.m in Sources */ = {isa = PBXBuildFile; fileRef = EE8A19341D5AF9FD00BAE119 /* UserInfoCell.m */; };
		EE8A19381D5B04C800BAE119 /* SwitchCell.m in Sources */ = {isa = PBXBuildFile; fileRef = EE8A19371D5B04C800BAE119 /* SwitchCell.m */; };
		EE8A193B1D5B2BDD00BAE119 /* TwoLabelCell.m in Sources */ = {isa = PBXBuildFile; fileRef = EE8A193A1D5B2BDD00BAE119 /* TwoLabelCell.m */; };
		EE8A193E1D5B46CE00BAE119 /* DisclosureCell.m in Sources */ = {isa = PBXBuildFile; fileRef = EE8A193D1D5B46CE00BAE119 /* DisclosureCell.m */; };
		EE8A194C1D5C476C00BAE119 /* TTNetworkManager.m in Sources */ = {isa = PBXBuildFile; fileRef = EE8A194B1D5C476C00BAE119 /* TTNetworkManager.m */; };
		EEB32A4B1CD38CAF00FF0AB8 /* TTTopChannelContianerView.m in Sources */ = {isa = PBXBuildFile; fileRef = EEB32A4A1CD38CAF00FF0AB8 /* TTTopChannelContianerView.m */; };
		EEB3DF6F1D8ED0130039ABF5 /* SXNewsEntity.m in Sources */ = {isa = PBXBuildFile; fileRef = EEB3DF691D8ED0130039ABF5 /* SXNewsEntity.m */; };
		EEB3DF761D8ED3730039ABF5 /* SXNetworkTools.m in Sources */ = {isa = PBXBuildFile; fileRef = EEB3DF751D8ED3730039ABF5 /* SXNetworkTools.m */; };
		EEB3DF9C1D8F913A0039ABF5 /* BigPictureTableViewCell.m in Sources */ = {isa = PBXBuildFile; fileRef = EEB3DF9A1D8F913A0039ABF5 /* BigPictureTableViewCell.m */; };
		EEB3DF9D1D8F913A0039ABF5 /* BigPictureTableViewCell.xib in Resources */ = {isa = PBXBuildFile; fileRef = EEB3DF9B1D8F913A0039ABF5 /* BigPictureTableViewCell.xib */; };
		EEB3DFA11D8F92010039ABF5 /* TopPictureTableViewCell.m in Sources */ = {isa = PBXBuildFile; fileRef = EEB3DF9F1D8F92010039ABF5 /* TopPictureTableViewCell.m */; };
		EEB3DFA21D8F92010039ABF5 /* TopPictureTableViewCell.xib in Resources */ = {isa = PBXBuildFile; fileRef = EEB3DFA01D8F92010039ABF5 /* TopPictureTableViewCell.xib */; };
		EEB3DFA91D8F92920039ABF5 /* TopTextTableViewCell.m in Sources */ = {isa = PBXBuildFile; fileRef = EEB3DFA71D8F92920039ABF5 /* TopTextTableViewCell.m */; };
		EEB3DFAA1D8F92920039ABF5 /* TopTextTableViewCell.xib in Resources */ = {isa = PBXBuildFile; fileRef = EEB3DFA81D8F92920039ABF5 /* TopTextTableViewCell.xib */; };
		EEC791841CD1AEB8008B7C2D /* TTImageCyclePlayView.m in Sources */ = {isa = PBXBuildFile; fileRef = EEC791831CD1AEB8008B7C2D /* TTImageCyclePlayView.m */; };
		EEE3E81E1CD5AD3E00D699E0 /* ChannelsSectionHeaderView.m in Sources */ = {isa = PBXBuildFile; fileRef = EEE3E81D1CD5AD3E00D699E0 /* ChannelsSectionHeaderView.m */; };
/* End PBXBuildFile section */

/* Begin PBXContainerItemProxy section */
		EE4635DD1CC72B8A00DB248F /* PBXContainerItemProxy */ = {
			isa = PBXContainerItemProxy;
			containerPortal = EE4635BB1CC72B8900DB248F /* Project object */;
			proxyType = 1;
			remoteGlobalIDString = EE4635C21CC72B8900DB248F;
			remoteInfo = TTNews;
		};
		EE4635E81CC72B8A00DB248F /* PBXContainerItemProxy */ = {
			isa = PBXContainerItemProxy;
			containerPortal = EE4635BB1CC72B8900DB248F /* Project object */;
			proxyType = 1;
			remoteGlobalIDString = EE4635C21CC72B8900DB248F;
			remoteInfo = TTNews;
		};
/* End PBXContainerItemProxy section */

/* Begin PBXFileReference section */
		53428844E2216BE5C197C066 /* Pods-TTNews.release.xcconfig */ = {isa = PBXFileReference; includeInIndex = 1; lastKnownFileType = text.xcconfig; name = "Pods-TTNews.release.xcconfig"; path = "Pods/Target Support Files/Pods-TTNews/Pods-TTNews.release.xcconfig"; sourceTree = "<group>"; };
		59D897E651F8649ACCCD036B /* libPods-TTNews.a */ = {isa = PBXFileReference; explicitFileType = archive.ar; includeInIndex = 0; path = "libPods-TTNews.a"; sourceTree = BUILT_PRODUCTS_DIR; };
		9D08A2A40F47DA39E7253110 /* Pods-TTNews.debug.xcconfig */ = {isa = PBXFileReference; includeInIndex = 1; lastKnownFileType = text.xcconfig; name = "Pods-TTNews.debug.xcconfig"; path = "Pods/Target Support Files/Pods-TTNews/Pods-TTNews.debug.xcconfig"; sourceTree = "<group>"; };
		EE3A071D1CDA1DAD0024C37A /* ContentTableViewController.m */ = {isa = PBXFileReference; fileEncoding = 4; lastKnownFileType = sourcecode.c.objc; path = ContentTableViewController.m; sourceTree = "<group>"; };
		EE4635C31CC72B8900DB248F /* TTNews.app */ = {isa = PBXFileReference; explicitFileType = wrapper.application; includeInIndex = 0; path = TTNews.app; sourceTree = BUILT_PRODUCTS_DIR; };
		EE4635C71CC72B8900DB248F /* main.m */ = {isa = PBXFileReference; lastKnownFileType = sourcecode.c.objc; path = main.m; sourceTree = "<group>"; };
		EE4635D21CC72B8900DB248F /* Assets.xcassets */ = {isa = PBXFileReference; lastKnownFileType = folder.assetcatalog; path = Assets.xcassets; sourceTree = "<group>"; };
		EE4635D71CC72B8900DB248F /* Info.plist */ = {isa = PBXFileReference; lastKnownFileType = text.plist.xml; path = Info.plist; sourceTree = "<group>"; };
		EE4635DC1CC72B8A00DB248F /* TTNewsTests.xctest */ = {isa = PBXFileReference; explicitFileType = wrapper.cfbundle; includeInIndex = 0; path = TTNewsTests.xctest; sourceTree = BUILT_PRODUCTS_DIR; };
		EE4635E01CC72B8A00DB248F /* TTNewsTests.m */ = {isa = PBXFileReference; lastKnownFileType = sourcecode.c.objc; path = TTNewsTests.m; sourceTree = "<group>"; };
		EE4635E21CC72B8A00DB248F /* Info.plist */ = {isa = PBXFileReference; lastKnownFileType = text.plist.xml; path = Info.plist; sourceTree = "<group>"; };
		EE4635E71CC72B8A00DB248F /* TTNewsUITests.xctest */ = {isa = PBXFileReference; explicitFileType = wrapper.cfbundle; includeInIndex = 0; path = TTNewsUITests.xctest; sourceTree = BUILT_PRODUCTS_DIR; };
		EE4635EB1CC72B8A00DB248F /* TTNewsUITests.m */ = {isa = PBXFileReference; lastKnownFileType = sourcecode.c.objc; path = TTNewsUITests.m; sourceTree = "<group>"; };
		EE4635ED1CC72B8A00DB248F /* Info.plist */ = {isa = PBXFileReference; lastKnownFileType = text.plist.xml; path = Info.plist; sourceTree = "<group>"; };
		EE4636B71CC7499D00DB248F /* LaunchScreen.xib */ = {isa = PBXFileReference; fileEncoding = 4; lastKnownFileType = file.xib; path = LaunchScreen.xib; sourceTree = "<group>"; };
		EE4BEB5C1D5480E400B4A035 /* NewsURLs.plist */ = {isa = PBXFileReference; fileEncoding = 4; lastKnownFileType = text.plist.xml; path = NewsURLs.plist; sourceTree = "<group>"; };
		EE79B08F1CC8C435001029EF /* AppInfoViewController.h */ = {isa = PBXFileReference; fileEncoding = 4; lastKnownFileType = sourcecode.c.h; path = AppInfoViewController.h; sourceTree = "<group>"; };
		EE79B0901CC8C435001029EF /* AppInfoViewController.m */ = {isa = PBXFileReference; fileEncoding = 4; lastKnownFileType = sourcecode.c.objc; path = AppInfoViewController.m; sourceTree = "<group>"; };
		EE79B0911CC8C435001029EF /* AppInfoViewController.xib */ = {isa = PBXFileReference; fileEncoding = 4; lastKnownFileType = file.xib; path = AppInfoViewController.xib; sourceTree = "<group>"; };
		EE79B0921CC8C435001029EF /* EditUserInfoViewController.h */ = {isa = PBXFileReference; fileEncoding = 4; lastKnownFileType = sourcecode.c.h; path = EditUserInfoViewController.h; sourceTree = "<group>"; };
		EE79B0931CC8C435001029EF /* EditUserInfoViewController.m */ = {isa = PBXFileReference; fileEncoding = 4; lastKnownFileType = sourcecode.c.objc; path = EditUserInfoViewController.m; sourceTree = "<group>"; };
		EE79B0941CC8C435001029EF /* EditUserInfoViewController.xib */ = {isa = PBXFileReference; fileEncoding = 4; lastKnownFileType = file.xib; path = EditUserInfoViewController.xib; sourceTree = "<group>"; };
		EE79B0951CC8C435001029EF /* MeTableViewController.h */ = {isa = PBXFileReference; fileEncoding = 4; lastKnownFileType = sourcecode.c.h; path = MeTableViewController.h; sourceTree = "<group>"; };
		EE79B0961CC8C435001029EF /* MeTableViewController.m */ = {isa = PBXFileReference; fileEncoding = 4; lastKnownFileType = sourcecode.c.objc; path = MeTableViewController.m; sourceTree = "<group>"; };
		EE79B0971CC8C435001029EF /* SendFeedbackViewController.h */ = {isa = PBXFileReference; fileEncoding = 4; lastKnownFileType = sourcecode.c.h; path = SendFeedbackViewController.h; sourceTree = "<group>"; };
		EE79B0981CC8C435001029EF /* SendFeedbackViewController.m */ = {isa = PBXFileReference; fileEncoding = 4; lastKnownFileType = sourcecode.c.objc; path = SendFeedbackViewController.m; sourceTree = "<group>"; };
		EE79B09D1CC8C435001029EF /* ContentTableViewController.h */ = {isa = PBXFileReference; fileEncoding = 4; lastKnownFileType = sourcecode.c.h; path = ContentTableViewController.h; sourceTree = "<group>"; };
		EE79B09F1CC8C435001029EF /* DetailViewController.h */ = {isa = PBXFileReference; fileEncoding = 4; lastKnownFileType = sourcecode.c.h; path = DetailViewController.h; sourceTree = "<group>"; };
		EE79B0A01CC8C435001029EF /* DetailViewController.m */ = {isa = PBXFileReference; fileEncoding = 4; lastKnownFileType = sourcecode.c.objc; path = DetailViewController.m; sourceTree = "<group>"; };
		EE79B0A11CC8C435001029EF /* NewsViewController.h */ = {isa = PBXFileReference; fileEncoding = 4; lastKnownFileType = sourcecode.c.h; path = NewsViewController.h; sourceTree = "<group>"; };
		EE79B0A21CC8C435001029EF /* NewsViewController.m */ = {isa = PBXFileReference; fileEncoding = 4; lastKnownFileType = sourcecode.c.objc; path = NewsViewController.m; sourceTree = "<group>"; };
		EE79B0A31CC8C435001029EF /* ShowMultiPictureViewController.h */ = {isa = PBXFileReference; fileEncoding = 4; lastKnownFileType = sourcecode.c.h; path = ShowMultiPictureViewController.h; sourceTree = "<group>"; };
		EE79B0A41CC8C435001029EF /* ShowMultiPictureViewController.m */ = {isa = PBXFileReference; fileEncoding = 4; lastKnownFileType = sourcecode.c.objc; path = ShowMultiPictureViewController.m; sourceTree = "<group>"; };
		EE79B0A61CC8C435001029EF /* TTHeaderNews.h */ = {isa = PBXFileReference; fileEncoding = 4; lastKnownFileType = sourcecode.c.h; path = TTHeaderNews.h; sourceTree = "<group>"; };
		EE79B0A71CC8C435001029EF /* TTHeaderNews.m */ = {isa = PBXFileReference; fileEncoding = 4; lastKnownFileType = sourcecode.c.objc; path = TTHeaderNews.m; sourceTree = "<group>"; };
		EE79B0A81CC8C435001029EF /* TTNormalNews.h */ = {isa = PBXFileReference; fileEncoding = 4; lastKnownFileType = sourcecode.c.h; path = TTNormalNews.h; sourceTree = "<group>"; };
		EE79B0A91CC8C435001029EF /* TTNormalNews.m */ = {isa = PBXFileReference; fileEncoding = 4; lastKnownFileType = sourcecode.c.objc; path = TTNormalNews.m; sourceTree = "<group>"; };
		EE79B0AB1CC8C435001029EF /* ChannelCollectionViewCell.h */ = {isa = PBXFileReference; fileEncoding = 4; lastKnownFileType = sourcecode.c.h; path = ChannelCollectionViewCell.h; sourceTree = "<group>"; };
		EE79B0AC1CC8C435001029EF /* ChannelCollectionViewCell.m */ = {isa = PBXFileReference; fileEncoding = 4; lastKnownFileType = sourcecode.c.objc; path = ChannelCollectionViewCell.m; sourceTree = "<group>"; };
		EE79B0AD1CC8C435001029EF /* ChannelCollectionViewCell.xib */ = {isa = PBXFileReference; fileEncoding = 4; lastKnownFileType = file.xib; path = ChannelCollectionViewCell.xib; sourceTree = "<group>"; };
		EE79B0AE1CC8C435001029EF /* MultiPictureTableViewCell.h */ = {isa = PBXFileReference; fileEncoding = 4; lastKnownFileType = sourcecode.c.h; path = MultiPictureTableViewCell.h; sourceTree = "<group>"; };
		EE79B0AF1CC8C435001029EF /* MultiPictureTableViewCell.m */ = {isa = PBXFileReference; fileEncoding = 4; lastKnownFileType = sourcecode.c.objc; path = MultiPictureTableViewCell.m; sourceTree = "<group>"; };
		EE79B0B01CC8C435001029EF /* MultiPictureTableViewCell.xib */ = {isa = PBXFileReference; fileEncoding = 4; lastKnownFileType = file.xib; path = MultiPictureTableViewCell.xib; sourceTree = "<group>"; };
		EE79B0B11CC8C435001029EF /* NoPictureNewsTableViewCell.h */ = {isa = PBXFileReference; fileEncoding = 4; lastKnownFileType = sourcecode.c.h; path = NoPictureNewsTableViewCell.h; sourceTree = "<group>"; };
		EE79B0B21CC8C435001029EF /* NoPictureNewsTableViewCell.m */ = {isa = PBXFileReference; fileEncoding = 4; lastKnownFileType = sourcecode.c.objc; path = NoPictureNewsTableViewCell.m; sourceTree = "<group>"; };
		EE79B0B31CC8C435001029EF /* NoPictureNewsTableViewCell.xib */ = {isa = PBXFileReference; fileEncoding = 4; lastKnownFileType = file.xib; path = NoPictureNewsTableViewCell.xib; sourceTree = "<group>"; };
		EE79B0B41CC8C435001029EF /* SinglePictureNewsTableViewCell.h */ = {isa = PBXFileReference; fileEncoding = 4; lastKnownFileType = sourcecode.c.h; path = SinglePictureNewsTableViewCell.h; sourceTree = "<group>"; };
		EE79B0B51CC8C435001029EF /* SinglePictureNewsTableViewCell.m */ = {isa = PBXFileReference; fileEncoding = 4; lastKnownFileType = sourcecode.c.objc; path = SinglePictureNewsTableViewCell.m; sourceTree = "<group>"; };
		EE79B0B61CC8C435001029EF /* SinglePictureNewsTableViewCell.xib */ = {isa = PBXFileReference; fileEncoding = 4; lastKnownFileType = file.xib; path = SinglePictureNewsTableViewCell.xib; sourceTree = "<group>"; };
		EE79B0B91CC8C435001029EF /* Foundation+Log.m */ = {isa = PBXFileReference; fileEncoding = 4; lastKnownFileType = sourcecode.c.objc; path = "Foundation+Log.m"; sourceTree = "<group>"; };
		EE79B0BA1CC8C435001029EF /* NSDate+Extension.h */ = {isa = PBXFileReference; fileEncoding = 4; lastKnownFileType = sourcecode.c.h; path = "NSDate+Extension.h"; sourceTree = "<group>"; };
		EE79B0BB1CC8C435001029EF /* NSDate+Extension.m */ = {isa = PBXFileReference; fileEncoding = 4; lastKnownFileType = sourcecode.c.objc; path = "NSDate+Extension.m"; sourceTree = "<group>"; };
		EE79B0BC1CC8C435001029EF /* UIBarButtonItem+Extension.h */ = {isa = PBXFileReference; fileEncoding = 4; lastKnownFileType = sourcecode.c.h; path = "UIBarButtonItem+Extension.h"; sourceTree = "<group>"; };
		EE79B0BD1CC8C435001029EF /* UIBarButtonItem+Extension.m */ = {isa = PBXFileReference; fileEncoding = 4; lastKnownFileType = sourcecode.c.objc; path = "UIBarButtonItem+Extension.m"; sourceTree = "<group>"; };
		EE79B0BE1CC8C435001029EF /* UIImage+Extension.h */ = {isa = PBXFileReference; fileEncoding = 4; lastKnownFileType = sourcecode.c.h; path = "UIImage+Extension.h"; sourceTree = "<group>"; };
		EE79B0BF1CC8C435001029EF /* UIImage+Extension.m */ = {isa = PBXFileReference; fileEncoding = 4; lastKnownFileType = sourcecode.c.objc; path = "UIImage+Extension.m"; sourceTree = "<group>"; };
		EE79B0C01CC8C435001029EF /* UIImageView+Extension.h */ = {isa = PBXFileReference; fileEncoding = 4; lastKnownFileType = sourcecode.c.h; path = "UIImageView+Extension.h"; sourceTree = "<group>"; };
		EE79B0C11CC8C435001029EF /* UIImageView+Extension.m */ = {isa = PBXFileReference; fileEncoding = 4; lastKnownFileType = sourcecode.c.objc; path = "UIImageView+Extension.m"; sourceTree = "<group>"; };
		EE79B0C21CC8C435001029EF /* UIView+Extension.h */ = {isa = PBXFileReference; fileEncoding = 4; lastKnownFileType = sourcecode.c.h; path = "UIView+Extension.h"; sourceTree = "<group>"; };
		EE79B0C31CC8C435001029EF /* UIView+Extension.m */ = {isa = PBXFileReference; fileEncoding = 4; lastKnownFileType = sourcecode.c.objc; path = "UIView+Extension.m"; sourceTree = "<group>"; };
		EE79B0C51CC8C435001029EF /* TTConst.h */ = {isa = PBXFileReference; fileEncoding = 4; lastKnownFileType = sourcecode.c.h; name = TTConst.h; path = ../Http/TTConst.h; sourceTree = "<group>"; };
		EE79B0C61CC8C435001029EF /* TTConst.m */ = {isa = PBXFileReference; fileEncoding = 4; lastKnownFileType = sourcecode.c.objc; name = TTConst.m; path = ../Http/TTConst.m; sourceTree = "<group>"; };
		EE79B0C71CC8C435001029EF /* TTDataTool.h */ = {isa = PBXFileReference; fileEncoding = 4; lastKnownFileType = sourcecode.c.h; path = TTDataTool.h; sourceTree = "<group>"; };
		EE79B0C81CC8C435001029EF /* TTDataTool.m */ = {isa = PBXFileReference; fileEncoding = 4; lastKnownFileType = sourcecode.c.objc; path = TTDataTool.m; sourceTree = "<group>"; };
		EE79B0C91CC8C435001029EF /* TTNormalNewsFetchDataParameter.h */ = {isa = PBXFileReference; fileEncoding = 4; lastKnownFileType = sourcecode.c.h; path = TTNormalNewsFetchDataParameter.h; sourceTree = "<group>"; };
		EE79B0CA1CC8C435001029EF /* TTNormalNewsFetchDataParameter.m */ = {isa = PBXFileReference; fileEncoding = 4; lastKnownFileType = sourcecode.c.objc; path = TTNormalNewsFetchDataParameter.m; sourceTree = "<group>"; };
		EE79B0CB1CC8C435001029EF /* TTPictureFetchDataParameter.h */ = {isa = PBXFileReference; fileEncoding = 4; lastKnownFileType = sourcecode.c.h; path = TTPictureFetchDataParameter.h; sourceTree = "<group>"; };
		EE79B0CC1CC8C435001029EF /* TTPictureFetchDataParameter.m */ = {isa = PBXFileReference; fileEncoding = 4; lastKnownFileType = sourcecode.c.objc; path = TTPictureFetchDataParameter.m; sourceTree = "<group>"; };
		EE79B0CD1CC8C435001029EF /* TTVideoFetchDataParameter.h */ = {isa = PBXFileReference; fileEncoding = 4; lastKnownFileType = sourcecode.c.h; path = TTVideoFetchDataParameter.h; sourceTree = "<group>"; };
		EE79B0CE1CC8C435001029EF /* TTVideoFetchDataParameter.m */ = {isa = PBXFileReference; fileEncoding = 4; lastKnownFileType = sourcecode.c.objc; path = TTVideoFetchDataParameter.m; sourceTree = "<group>"; };
		EE79B0D01CC8C435001029EF /* AppDelegate.h */ = {isa = PBXFileReference; fileEncoding = 4; lastKnownFileType = sourcecode.c.h; path = AppDelegate.h; sourceTree = "<group>"; };
		EE79B0D11CC8C435001029EF /* AppDelegate.m */ = {isa = PBXFileReference; fileEncoding = 4; lastKnownFileType = sourcecode.c.objc; path = AppDelegate.m; sourceTree = "<group>"; };
		EE79B0D21CC8C435001029EF /* TTNavigationController.h */ = {isa = PBXFileReference; fileEncoding = 4; lastKnownFileType = sourcecode.c.h; path = TTNavigationController.h; sourceTree = "<group>"; };
		EE79B0D31CC8C435001029EF /* TTNavigationController.m */ = {isa = PBXFileReference; fileEncoding = 4; lastKnownFileType = sourcecode.c.objc; path = TTNavigationController.m; sourceTree = "<group>"; };
		EE79B0D41CC8C435001029EF /* TTTabBarController.h */ = {isa = PBXFileReference; fileEncoding = 4; lastKnownFileType = sourcecode.c.h; path = TTTabBarController.h; sourceTree = "<group>"; };
		EE79B0D51CC8C435001029EF /* TTTabBarController.m */ = {isa = PBXFileReference; fileEncoding = 4; lastKnownFileType = sourcecode.c.objc; path = TTTabBarController.m; sourceTree = "<group>"; };
		EE79B0D71CC8C435001029EF /* Reachability.h */ = {isa = PBXFileReference; fileEncoding = 4; lastKnownFileType = sourcecode.c.h; path = Reachability.h; sourceTree = "<group>"; };
		EE79B0D81CC8C435001029EF /* Reachability.m */ = {isa = PBXFileReference; fileEncoding = 4; lastKnownFileType = sourcecode.c.objc; path = Reachability.m; sourceTree = "<group>"; };
		EE79B0D91CC8C435001029EF /* TTJudgeNetworking.h */ = {isa = PBXFileReference; fileEncoding = 4; lastKnownFileType = sourcecode.c.h; path = TTJudgeNetworking.h; sourceTree = "<group>"; };
		EE79B0DA1CC8C435001029EF /* TTJudgeNetworking.m */ = {isa = PBXFileReference; fileEncoding = 4; lastKnownFileType = sourcecode.c.objc; path = TTJudgeNetworking.m; sourceTree = "<group>"; };
		EE79B0DD1CC8C435001029EF /* PictureCommentViewController.h */ = {isa = PBXFileReference; fileEncoding = 4; lastKnownFileType = sourcecode.c.h; path = PictureCommentViewController.h; sourceTree = "<group>"; };
		EE79B0DE1CC8C435001029EF /* PictureCommentViewController.m */ = {isa = PBXFileReference; fileEncoding = 4; lastKnownFileType = sourcecode.c.objc; path = PictureCommentViewController.m; sourceTree = "<group>"; };
		EE79B0DF1CC8C435001029EF /* PictureCommentViewController.xib */ = {isa = PBXFileReference; fileEncoding = 4; lastKnownFileType = file.xib; path = PictureCommentViewController.xib; sourceTree = "<group>"; };
		EE79B0E01CC8C435001029EF /* PictureViewController.h */ = {isa = PBXFileReference; fileEncoding = 4; lastKnownFileType = sourcecode.c.h; path = PictureViewController.h; sourceTree = "<group>"; };
		EE79B0E11CC8C435001029EF /* PictureViewController.m */ = {isa = PBXFileReference; fileEncoding = 4; lastKnownFileType = sourcecode.c.objc; path = PictureViewController.m; sourceTree = "<group>"; };
		EE79B0E31CC8C435001029EF /* TTPicture.h */ = {isa = PBXFileReference; fileEncoding = 4; lastKnownFileType = sourcecode.c.h; path = TTPicture.h; sourceTree = "<group>"; };
		EE79B0E41CC8C435001029EF /* TTPicture.m */ = {isa = PBXFileReference; fileEncoding = 4; lastKnownFileType = sourcecode.c.objc; path = TTPicture.m; sourceTree = "<group>"; };
		EE79B0E51CC8C435001029EF /* TTPictureComment.h */ = {isa = PBXFileReference; fileEncoding = 4; lastKnownFileType = sourcecode.c.h; path = TTPictureComment.h; sourceTree = "<group>"; };
		EE79B0E61CC8C435001029EF /* TTPictureComment.m */ = {isa = PBXFileReference; fileEncoding = 4; lastKnownFileType = sourcecode.c.objc; path = TTPictureComment.m; sourceTree = "<group>"; };
		EE79B0E71CC8C435001029EF /* TTPictureUser.h */ = {isa = PBXFileReference; fileEncoding = 4; lastKnownFileType = sourcecode.c.h; path = TTPictureUser.h; sourceTree = "<group>"; };
		EE79B0E81CC8C435001029EF /* TTPictureUser.m */ = {isa = PBXFileReference; fileEncoding = 4; lastKnownFileType = sourcecode.c.objc; path = TTPictureUser.m; sourceTree = "<group>"; };
		EE79B0EA1CC8C435001029EF /* PictureCommentCell.h */ = {isa = PBXFileReference; fileEncoding = 4; lastKnownFileType = sourcecode.c.h; path = PictureCommentCell.h; sourceTree = "<group>"; };
		EE79B0EB1CC8C435001029EF /* PictureCommentCell.m */ = {isa = PBXFileReference; fileEncoding = 4; lastKnownFileType = sourcecode.c.objc; path = PictureCommentCell.m; sourceTree = "<group>"; };
		EE79B0EC1CC8C435001029EF /* PictureCommentCell.xib */ = {isa = PBXFileReference; fileEncoding = 4; lastKnownFileType = file.xib; path = PictureCommentCell.xib; sourceTree = "<group>"; };
		EE79B0ED1CC8C435001029EF /* PictureTableViewCell.h */ = {isa = PBXFileReference; fileEncoding = 4; lastKnownFileType = sourcecode.c.h; path = PictureTableViewCell.h; sourceTree = "<group>"; };
		EE79B0EE1CC8C435001029EF /* PictureTableViewCell.m */ = {isa = PBXFileReference; fileEncoding = 4; lastKnownFileType = sourcecode.c.objc; path = PictureTableViewCell.m; sourceTree = "<group>"; };
		EE79B0EF1CC8C435001029EF /* PictureTableViewCell.xib */ = {isa = PBXFileReference; fileEncoding = 4; lastKnownFileType = file.xib; path = PictureTableViewCell.xib; sourceTree = "<group>"; };
		EE79B0F01CC8C435001029EF /* ShowBigPictureViewController.h */ = {isa = PBXFileReference; fileEncoding = 4; lastKnownFileType = sourcecode.c.h; name = ShowBigPictureViewController.h; path = ../View/ShowBigPictureViewController.h; sourceTree = "<group>"; };
		EE79B0F11CC8C435001029EF /* ShowBigPictureViewController.m */ = {isa = PBXFileReference; fileEncoding = 4; lastKnownFileType = sourcecode.c.objc; name = ShowBigPictureViewController.m; path = ../View/ShowBigPictureViewController.m; sourceTree = "<group>"; };
		EE79B0F21CC8C435001029EF /* ShowBigPictureViewController.xib */ = {isa = PBXFileReference; fileEncoding = 4; lastKnownFileType = file.xib; name = ShowBigPictureViewController.xib; path = ../View/ShowBigPictureViewController.xib; sourceTree = "<group>"; };
		EE79B0F51CC8C435001029EF /* VideoCommentViewController.h */ = {isa = PBXFileReference; fileEncoding = 4; lastKnownFileType = sourcecode.c.h; path = VideoCommentViewController.h; sourceTree = "<group>"; };
		EE79B0F61CC8C435001029EF /* VideoCommentViewController.m */ = {isa = PBXFileReference; fileEncoding = 4; lastKnownFileType = sourcecode.c.objc; path = VideoCommentViewController.m; sourceTree = "<group>"; };
		EE79B0F71CC8C435001029EF /* VideoCommentViewController.xib */ = {isa = PBXFileReference; fileEncoding = 4; lastKnownFileType = file.xib; path = VideoCommentViewController.xib; sourceTree = "<group>"; };
		EE79B0F81CC8C435001029EF /* VideoViewController.h */ = {isa = PBXFileReference; fileEncoding = 4; lastKnownFileType = sourcecode.c.h; path = VideoViewController.h; sourceTree = "<group>"; };
		EE79B0F91CC8C435001029EF /* VideoViewController.m */ = {isa = PBXFileReference; fileEncoding = 4; lastKnownFileType = sourcecode.c.objc; path = VideoViewController.m; sourceTree = "<group>"; };
		EE79B0FB1CC8C435001029EF /* TTVideo.h */ = {isa = PBXFileReference; fileEncoding = 4; lastKnownFileType = sourcecode.c.h; path = TTVideo.h; sourceTree = "<group>"; };
		EE79B0FC1CC8C435001029EF /* TTVideo.m */ = {isa = PBXFileReference; fileEncoding = 4; lastKnownFileType = sourcecode.c.objc; path = TTVideo.m; sourceTree = "<group>"; };
		EE79B0FD1CC8C435001029EF /* TTVideoComment.h */ = {isa = PBXFileReference; fileEncoding = 4; lastKnownFileType = sourcecode.c.h; path = TTVideoComment.h; sourceTree = "<group>"; };
		EE79B0FE1CC8C435001029EF /* TTVideoComment.m */ = {isa = PBXFileReference; fileEncoding = 4; lastKnownFileType = sourcecode.c.objc; path = TTVideoComment.m; sourceTree = "<group>"; };
		EE79B0FF1CC8C435001029EF /* TTVideoUser.h */ = {isa = PBXFileReference; fileEncoding = 4; lastKnownFileType = sourcecode.c.h; path = TTVideoUser.h; sourceTree = "<group>"; };
		EE79B1001CC8C435001029EF /* TTVideoUser.m */ = {isa = PBXFileReference; fileEncoding = 4; lastKnownFileType = sourcecode.c.objc; path = TTVideoUser.m; sourceTree = "<group>"; };
		EE79B1021CC8C435001029EF /* FullViewController.h */ = {isa = PBXFileReference; fileEncoding = 4; lastKnownFileType = sourcecode.c.h; path = FullViewController.h; sourceTree = "<group>"; };
		EE79B1031CC8C435001029EF /* FullViewController.m */ = {isa = PBXFileReference; fileEncoding = 4; lastKnownFileType = sourcecode.c.objc; path = FullViewController.m; sourceTree = "<group>"; };
		EE79B1041CC8C435001029EF /* VideoPlayView.h */ = {isa = PBXFileReference; fileEncoding = 4; lastKnownFileType = sourcecode.c.h; path = VideoPlayView.h; sourceTree = "<group>"; };
		EE79B1051CC8C435001029EF /* VideoPlayView.m */ = {isa = PBXFileReference; fileEncoding = 4; lastKnownFileType = sourcecode.c.objc; path = VideoPlayView.m; sourceTree = "<group>"; };
		EE79B1061CC8C435001029EF /* VideoPlayView.xib */ = {isa = PBXFileReference; fileEncoding = 4; lastKnownFileType = file.xib; path = VideoPlayView.xib; sourceTree = "<group>"; };
		EE79B1081CC8C435001029EF /* VideoCommentCell.h */ = {isa = PBXFileReference; fileEncoding = 4; lastKnownFileType = sourcecode.c.h; path = VideoCommentCell.h; sourceTree = "<group>"; };
		EE79B1091CC8C435001029EF /* VideoCommentCell.m */ = {isa = PBXFileReference; fileEncoding = 4; lastKnownFileType = sourcecode.c.objc; path = VideoCommentCell.m; sourceTree = "<group>"; };
		EE79B10A1CC8C435001029EF /* VideoCommentCell.xib */ = {isa = PBXFileReference; fileEncoding = 4; lastKnownFileType = file.xib; path = VideoCommentCell.xib; sourceTree = "<group>"; };
		EE79B10B1CC8C435001029EF /* VideoTableViewCell.h */ = {isa = PBXFileReference; fileEncoding = 4; lastKnownFileType = sourcecode.c.h; path = VideoTableViewCell.h; sourceTree = "<group>"; };
		EE79B10C1CC8C435001029EF /* VideoTableViewCell.m */ = {isa = PBXFileReference; fileEncoding = 4; lastKnownFileType = sourcecode.c.objc; path = VideoTableViewCell.m; sourceTree = "<group>"; };
		EE79B10D1CC8C435001029EF /* VideoTableViewCell.xib */ = {isa = PBXFileReference; fileEncoding = 4; lastKnownFileType = file.xib; path = VideoTableViewCell.xib; sourceTree = "<group>"; };
		EE8A19331D5AF9FD00BAE119 /* UserInfoCell.h */ = {isa = PBXFileReference; fileEncoding = 4; lastKnownFileType = sourcecode.c.h; path = UserInfoCell.h; sourceTree = "<group>"; };
		EE8A19341D5AF9FD00BAE119 /* UserInfoCell.m */ = {isa = PBXFileReference; fileEncoding = 4; lastKnownFileType = sourcecode.c.objc; path = UserInfoCell.m; sourceTree = "<group>"; };
		EE8A19361D5B04C800BAE119 /* SwitchCell.h */ = {isa = PBXFileReference; fileEncoding = 4; lastKnownFileType = sourcecode.c.h; path = SwitchCell.h; sourceTree = "<group>"; };
		EE8A19371D5B04C800BAE119 /* SwitchCell.m */ = {isa = PBXFileReference; fileEncoding = 4; lastKnownFileType = sourcecode.c.objc; path = SwitchCell.m; sourceTree = "<group>"; };
		EE8A19391D5B2BDD00BAE119 /* TwoLabelCell.h */ = {isa = PBXFileReference; fileEncoding = 4; lastKnownFileType = sourcecode.c.h; path = TwoLabelCell.h; sourceTree = "<group>"; };
		EE8A193A1D5B2BDD00BAE119 /* TwoLabelCell.m */ = {isa = PBXFileReference; fileEncoding = 4; lastKnownFileType = sourcecode.c.objc; path = TwoLabelCell.m; sourceTree = "<group>"; };
		EE8A193C1D5B46CE00BAE119 /* DisclosureCell.h */ = {isa = PBXFileReference; fileEncoding = 4; lastKnownFileType = sourcecode.c.h; path = DisclosureCell.h; sourceTree = "<group>"; };
		EE8A193D1D5B46CE00BAE119 /* DisclosureCell.m */ = {isa = PBXFileReference; fileEncoding = 4; lastKnownFileType = sourcecode.c.objc; path = DisclosureCell.m; sourceTree = "<group>"; };
		EE8A194A1D5C476C00BAE119 /* TTNetworkManager.h */ = {isa = PBXFileReference; fileEncoding = 4; lastKnownFileType = sourcecode.c.h; path = TTNetworkManager.h; sourceTree = "<group>"; };
		EE8A194B1D5C476C00BAE119 /* TTNetworkManager.m */ = {isa = PBXFileReference; fileEncoding = 4; lastKnownFileType = sourcecode.c.objc; path = TTNetworkManager.m; sourceTree = "<group>"; };
		EEB32A491CD38CAF00FF0AB8 /* TTTopChannelContianerView.h */ = {isa = PBXFileReference; fileEncoding = 4; lastKnownFileType = sourcecode.c.h; path = TTTopChannelContianerView.h; sourceTree = "<group>"; };
		EEB32A4A1CD38CAF00FF0AB8 /* TTTopChannelContianerView.m */ = {isa = PBXFileReference; fileEncoding = 4; lastKnownFileType = sourcecode.c.objc; path = TTTopChannelContianerView.m; sourceTree = "<group>"; };
		EEB3DF681D8ED0130039ABF5 /* SXNewsEntity.h */ = {isa = PBXFileReference; fileEncoding = 4; lastKnownFileType = sourcecode.c.h; name = SXNewsEntity.h; path = ../Controller/SXNewsEntity.h; sourceTree = "<group>"; };
		EEB3DF691D8ED0130039ABF5 /* SXNewsEntity.m */ = {isa = PBXFileReference; fileEncoding = 4; lastKnownFileType = sourcecode.c.objc; name = SXNewsEntity.m; path = ../Controller/SXNewsEntity.m; sourceTree = "<group>"; };
		EEB3DF741D8ED3730039ABF5 /* SXNetworkTools.h */ = {isa = PBXFileReference; fileEncoding = 4; lastKnownFileType = sourcecode.c.h; name = SXNetworkTools.h; path = ../../News/Controller/SXNetworkTools.h; sourceTree = "<group>"; };
		EEB3DF751D8ED3730039ABF5 /* SXNetworkTools.m */ = {isa = PBXFileReference; fileEncoding = 4; lastKnownFileType = sourcecode.c.objc; name = SXNetworkTools.m; path = ../../News/Controller/SXNetworkTools.m; sourceTree = "<group>"; };
		EEB3DF991D8F913A0039ABF5 /* BigPictureTableViewCell.h */ = {isa = PBXFileReference; fileEncoding = 4; lastKnownFileType = sourcecode.c.h; path = BigPictureTableViewCell.h; sourceTree = "<group>"; };
		EEB3DF9A1D8F913A0039ABF5 /* BigPictureTableViewCell.m */ = {isa = PBXFileReference; fileEncoding = 4; lastKnownFileType = sourcecode.c.objc; path = BigPictureTableViewCell.m; sourceTree = "<group>"; };
		EEB3DF9B1D8F913A0039ABF5 /* BigPictureTableViewCell.xib */ = {isa = PBXFileReference; fileEncoding = 4; lastKnownFileType = file.xib; path = BigPictureTableViewCell.xib; sourceTree = "<group>"; };
		EEB3DF9E1D8F92010039ABF5 /* TopPictureTableViewCell.h */ = {isa = PBXFileReference; fileEncoding = 4; lastKnownFileType = sourcecode.c.h; path = TopPictureTableViewCell.h; sourceTree = "<group>"; };
		EEB3DF9F1D8F92010039ABF5 /* TopPictureTableViewCell.m */ = {isa = PBXFileReference; fileEncoding = 4; lastKnownFileType = sourcecode.c.objc; path = TopPictureTableViewCell.m; sourceTree = "<group>"; };
		EEB3DFA01D8F92010039ABF5 /* TopPictureTableViewCell.xib */ = {isa = PBXFileReference; fileEncoding = 4; lastKnownFileType = file.xib; path = TopPictureTableViewCell.xib; sourceTree = "<group>"; };
		EEB3DFA61D8F92920039ABF5 /* TopTextTableViewCell.h */ = {isa = PBXFileReference; fileEncoding = 4; lastKnownFileType = sourcecode.c.h; path = TopTextTableViewCell.h; sourceTree = "<group>"; };
		EEB3DFA71D8F92920039ABF5 /* TopTextTableViewCell.m */ = {isa = PBXFileReference; fileEncoding = 4; lastKnownFileType = sourcecode.c.objc; path = TopTextTableViewCell.m; sourceTree = "<group>"; };
		EEB3DFA81D8F92920039ABF5 /* TopTextTableViewCell.xib */ = {isa = PBXFileReference; fileEncoding = 4; lastKnownFileType = file.xib; path = TopTextTableViewCell.xib; sourceTree = "<group>"; };
		EEC791821CD1AEB8008B7C2D /* TTImageCyclePlayView.h */ = {isa = PBXFileReference; fileEncoding = 4; lastKnownFileType = sourcecode.c.h; path = TTImageCyclePlayView.h; sourceTree = "<group>"; };
		EEC791831CD1AEB8008B7C2D /* TTImageCyclePlayView.m */ = {isa = PBXFileReference; fileEncoding = 4; lastKnownFileType = sourcecode.c.objc; path = TTImageCyclePlayView.m; sourceTree = "<group>"; };
		EEE3E81C1CD5AD3E00D699E0 /* ChannelsSectionHeaderView.h */ = {isa = PBXFileReference; fileEncoding = 4; lastKnownFileType = sourcecode.c.h; path = ChannelsSectionHeaderView.h; sourceTree = "<group>"; };
		EEE3E81D1CD5AD3E00D699E0 /* ChannelsSectionHeaderView.m */ = {isa = PBXFileReference; fileEncoding = 4; lastKnownFileType = sourcecode.c.objc; path = ChannelsSectionHeaderView.m; sourceTree = "<group>"; };
/* End PBXFileReference section */

/* Begin PBXFrameworksBuildPhase section */
		EE4635C01CC72B8900DB248F /* Frameworks */ = {
			isa = PBXFrameworksBuildPhase;
			buildActionMask = 2147483647;
			files = (
				9D9B34292F23760DBD87E9B4 /* libPods-TTNews.a in Frameworks */,
			);
			runOnlyForDeploymentPostprocessing = 0;
		};
		EE4635D91CC72B8A00DB248F /* Frameworks */ = {
			isa = PBXFrameworksBuildPhase;
			buildActionMask = 2147483647;
			files = (
			);
			runOnlyForDeploymentPostprocessing = 0;
		};
		EE4635E41CC72B8A00DB248F /* Frameworks */ = {
			isa = PBXFrameworksBuildPhase;
			buildActionMask = 2147483647;
			files = (
			);
			runOnlyForDeploymentPostprocessing = 0;
		};
/* End PBXFrameworksBuildPhase section */

/* Begin PBXGroup section */
		3924BF4AEB33DC5601BA5628 /* Frameworks */ = {
			isa = PBXGroup;
			children = (
				59D897E651F8649ACCCD036B /* libPods-TTNews.a */,
			);
			name = Frameworks;
			sourceTree = "<group>";
		};
		EE4635BA1CC72B8900DB248F = {
			isa = PBXGroup;
			children = (
				EE4635C51CC72B8900DB248F /* TTNews */,
				EE4635DF1CC72B8A00DB248F /* TTNewsTests */,
				EE4635EA1CC72B8A00DB248F /* TTNewsUITests */,
				EE4635C41CC72B8900DB248F /* Products */,
				FEE7BD5D4A5B10AF1F933FC9 /* Pods */,
				3924BF4AEB33DC5601BA5628 /* Frameworks */,
			);
			sourceTree = "<group>";
		};
		EE4635C41CC72B8900DB248F /* Products */ = {
			isa = PBXGroup;
			children = (
				EE4635C31CC72B8900DB248F /* TTNews.app */,
				EE4635DC1CC72B8A00DB248F /* TTNewsTests.xctest */,
				EE4635E71CC72B8A00DB248F /* TTNewsUITests.xctest */,
			);
			name = Products;
			sourceTree = "<group>";
		};
		EE4635C51CC72B8900DB248F /* TTNews */ = {
			isa = PBXGroup;
			children = (
				EE79B08C1CC8C435001029EF /* Classes */,
				EE4635C61CC72B8900DB248F /* Supporting Files */,
			);
			path = TTNews;
			sourceTree = "<group>";
		};
		EE4635C61CC72B8900DB248F /* Supporting Files */ = {
			isa = PBXGroup;
			children = (
				EE4636B71CC7499D00DB248F /* LaunchScreen.xib */,
				EE4635D21CC72B8900DB248F /* Assets.xcassets */,
				EE4635D71CC72B8900DB248F /* Info.plist */,
				EE4635C71CC72B8900DB248F /* main.m */,
				EE4BEB5C1D5480E400B4A035 /* NewsURLs.plist */,
			);
			name = "Supporting Files";
			sourceTree = "<group>";
		};
		EE4635DF1CC72B8A00DB248F /* TTNewsTests */ = {
			isa = PBXGroup;
			children = (
				EE4635E01CC72B8A00DB248F /* TTNewsTests.m */,
				EE4635E21CC72B8A00DB248F /* Info.plist */,
			);
			path = TTNewsTests;
			sourceTree = "<group>";
		};
		EE4635EA1CC72B8A00DB248F /* TTNewsUITests */ = {
			isa = PBXGroup;
			children = (
				EE4635EB1CC72B8A00DB248F /* TTNewsUITests.m */,
				EE4635ED1CC72B8A00DB248F /* Info.plist */,
			);
			path = TTNewsUITests;
			sourceTree = "<group>";
		};
		EE79B08C1CC8C435001029EF /* Classes */ = {
			isa = PBXGroup;
			children = (
				EE79B09B1CC8C435001029EF /* News */,
				EE79B0DB1CC8C435001029EF /* Picture */,
				EE79B0F31CC8C435001029EF /* Video */,
				EE79B08D1CC8C435001029EF /* Me */,
				EE79B0B71CC8C435001029EF /* Other */,
			);
			path = Classes;
			sourceTree = "<group>";
		};
		EE79B08D1CC8C435001029EF /* Me */ = {
			isa = PBXGroup;
			children = (
				EE79B08E1CC8C435001029EF /* Controller */,
				EE79B0991CC8C435001029EF /* Model */,
				EE79B09A1CC8C435001029EF /* View */,
			);
			path = Me;
			sourceTree = "<group>";
		};
		EE79B08E1CC8C435001029EF /* Controller */ = {
			isa = PBXGroup;
			children = (
				EE79B0951CC8C435001029EF /* MeTableViewController.h */,
				EE79B0961CC8C435001029EF /* MeTableViewController.m */,
				EE79B0921CC8C435001029EF /* EditUserInfoViewController.h */,
				EE79B0931CC8C435001029EF /* EditUserInfoViewController.m */,
				EE79B0941CC8C435001029EF /* EditUserInfoViewController.xib */,
				EE79B08F1CC8C435001029EF /* AppInfoViewController.h */,
				EE79B0901CC8C435001029EF /* AppInfoViewController.m */,
				EE79B0911CC8C435001029EF /* AppInfoViewController.xib */,
				EE79B0971CC8C435001029EF /* SendFeedbackViewController.h */,
				EE79B0981CC8C435001029EF /* SendFeedbackViewController.m */,
			);
			path = Controller;
			sourceTree = "<group>";
		};
		EE79B0991CC8C435001029EF /* Model */ = {
			isa = PBXGroup;
			children = (
			);
			path = Model;
			sourceTree = "<group>";
		};
		EE79B09A1CC8C435001029EF /* View */ = {
			isa = PBXGroup;
			children = (
				EE8A19331D5AF9FD00BAE119 /* UserInfoCell.h */,
				EE8A19341D5AF9FD00BAE119 /* UserInfoCell.m */,
				EE8A19361D5B04C800BAE119 /* SwitchCell.h */,
				EE8A19371D5B04C800BAE119 /* SwitchCell.m */,
				EE8A19391D5B2BDD00BAE119 /* TwoLabelCell.h */,
				EE8A193A1D5B2BDD00BAE119 /* TwoLabelCell.m */,
				EE8A193C1D5B46CE00BAE119 /* DisclosureCell.h */,
				EE8A193D1D5B46CE00BAE119 /* DisclosureCell.m */,
			);
			path = View;
			sourceTree = "<group>";
		};
		EE79B09B1CC8C435001029EF /* News */ = {
			isa = PBXGroup;
			children = (
				EE79B09C1CC8C435001029EF /* Controller */,
				EE79B0A51CC8C435001029EF /* Model */,
				EE79B0AA1CC8C435001029EF /* View */,
				EEB3DF7F1D8EDB550039ABF5 /* NewFile */,
			);
			path = News;
			sourceTree = "<group>";
		};
		EE79B09C1CC8C435001029EF /* Controller */ = {
			isa = PBXGroup;
			children = (
				EE79B0A11CC8C435001029EF /* NewsViewController.h */,
				EE79B0A21CC8C435001029EF /* NewsViewController.m */,
				EE79B09D1CC8C435001029EF /* ContentTableViewController.h */,
				EE3A071D1CDA1DAD0024C37A /* ContentTableViewController.m */,
				EE79B09F1CC8C435001029EF /* DetailViewController.h */,
				EE79B0A01CC8C435001029EF /* DetailViewController.m */,
				EE79B0A31CC8C435001029EF /* ShowMultiPictureViewController.h */,
				EE79B0A41CC8C435001029EF /* ShowMultiPictureViewController.m */,
			);
			path = Controller;
			sourceTree = "<group>";
		};
		EE79B0A51CC8C435001029EF /* Model */ = {
			isa = PBXGroup;
			children = (
				EEB3DF681D8ED0130039ABF5 /* SXNewsEntity.h */,
				EEB3DF691D8ED0130039ABF5 /* SXNewsEntity.m */,
				EE79B0A61CC8C435001029EF /* TTHeaderNews.h */,
				EE79B0A71CC8C435001029EF /* TTHeaderNews.m */,
				EE79B0A81CC8C435001029EF /* TTNormalNews.h */,
				EE79B0A91CC8C435001029EF /* TTNormalNews.m */,
			);
			path = Model;
			sourceTree = "<group>";
		};
		EE79B0AA1CC8C435001029EF /* View */ = {
			isa = PBXGroup;
			children = (
				EEC791801CD1AE72008B7C2D /* Cell */,
				EEB32A491CD38CAF00FF0AB8 /* TTTopChannelContianerView.h */,
				EEB32A4A1CD38CAF00FF0AB8 /* TTTopChannelContianerView.m */,
				EEC791821CD1AEB8008B7C2D /* TTImageCyclePlayView.h */,
				EEC791831CD1AEB8008B7C2D /* TTImageCyclePlayView.m */,
				EEE3E81C1CD5AD3E00D699E0 /* ChannelsSectionHeaderView.h */,
				EEE3E81D1CD5AD3E00D699E0 /* ChannelsSectionHeaderView.m */,
			);
			path = View;
			sourceTree = "<group>";
		};
		EE79B0B71CC8C435001029EF /* Other */ = {
			isa = PBXGroup;
			children = (
				EE79B0B81CC8C435001029EF /* Category */,
				EE79B0C41CC8C435001029EF /* Http */,
				EE79B0CF1CC8C435001029EF /* Main */,
				EE79B0D61CC8C435001029EF /* NetWork */,
			);
			path = Other;
			sourceTree = "<group>";
		};
		EE79B0B81CC8C435001029EF /* Category */ = {
			isa = PBXGroup;
			children = (
				EE79B0B91CC8C435001029EF /* Foundation+Log.m */,
				EE79B0BA1CC8C435001029EF /* NSDate+Extension.h */,
				EE79B0BB1CC8C435001029EF /* NSDate+Extension.m */,
				EE79B0BC1CC8C435001029EF /* UIBarButtonItem+Extension.h */,
				EE79B0BD1CC8C435001029EF /* UIBarButtonItem+Extension.m */,
				EE79B0BE1CC8C435001029EF /* UIImage+Extension.h */,
				EE79B0BF1CC8C435001029EF /* UIImage+Extension.m */,
				EE79B0C01CC8C435001029EF /* UIImageView+Extension.h */,
				EE79B0C11CC8C435001029EF /* UIImageView+Extension.m */,
				EE79B0C21CC8C435001029EF /* UIView+Extension.h */,
				EE79B0C31CC8C435001029EF /* UIView+Extension.m */,
			);
			path = Category;
			sourceTree = "<group>";
		};
		EE79B0C41CC8C435001029EF /* Http */ = {
			isa = PBXGroup;
			children = (
				EEB3DF741D8ED3730039ABF5 /* SXNetworkTools.h */,
				EEB3DF751D8ED3730039ABF5 /* SXNetworkTools.m */,
				EE79B0C71CC8C435001029EF /* TTDataTool.h */,
				EE79B0C81CC8C435001029EF /* TTDataTool.m */,
				EE79B0C91CC8C435001029EF /* TTNormalNewsFetchDataParameter.h */,
				EE79B0CA1CC8C435001029EF /* TTNormalNewsFetchDataParameter.m */,
				EE79B0CB1CC8C435001029EF /* TTPictureFetchDataParameter.h */,
				EE79B0CC1CC8C435001029EF /* TTPictureFetchDataParameter.m */,
				EE79B0CD1CC8C435001029EF /* TTVideoFetchDataParameter.h */,
				EE79B0CE1CC8C435001029EF /* TTVideoFetchDataParameter.m */,
				EE8A194A1D5C476C00BAE119 /* TTNetworkManager.h */,
				EE8A194B1D5C476C00BAE119 /* TTNetworkManager.m */,
			);
			path = Http;
			sourceTree = "<group>";
		};
		EE79B0CF1CC8C435001029EF /* Main */ = {
			isa = PBXGroup;
			children = (
				EE79B0C51CC8C435001029EF /* TTConst.h */,
				EE79B0C61CC8C435001029EF /* TTConst.m */,
				EE79B0D01CC8C435001029EF /* AppDelegate.h */,
				EE79B0D11CC8C435001029EF /* AppDelegate.m */,
				EE79B0D21CC8C435001029EF /* TTNavigationController.h */,
				EE79B0D31CC8C435001029EF /* TTNavigationController.m */,
				EE79B0D41CC8C435001029EF /* TTTabBarController.h */,
				EE79B0D51CC8C435001029EF /* TTTabBarController.m */,
			);
			path = Main;
			sourceTree = "<group>";
		};
		EE79B0D61CC8C435001029EF /* NetWork */ = {
			isa = PBXGroup;
			children = (
				EE79B0D71CC8C435001029EF /* Reachability.h */,
				EE79B0D81CC8C435001029EF /* Reachability.m */,
				EE79B0D91CC8C435001029EF /* TTJudgeNetworking.h */,
				EE79B0DA1CC8C435001029EF /* TTJudgeNetworking.m */,
			);
			path = NetWork;
			sourceTree = "<group>";
		};
		EE79B0DB1CC8C435001029EF /* Picture */ = {
			isa = PBXGroup;
			children = (
				EE79B0DC1CC8C435001029EF /* Controller */,
				EE79B0E21CC8C435001029EF /* Model */,
				EE79B0E91CC8C435001029EF /* View */,
			);
			path = Picture;
			sourceTree = "<group>";
		};
		EE79B0DC1CC8C435001029EF /* Controller */ = {
			isa = PBXGroup;
			children = (
				EE79B0E01CC8C435001029EF /* PictureViewController.h */,
				EE79B0E11CC8C435001029EF /* PictureViewController.m */,
				EE79B0DD1CC8C435001029EF /* PictureCommentViewController.h */,
				EE79B0DE1CC8C435001029EF /* PictureCommentViewController.m */,
				EE79B0DF1CC8C435001029EF /* PictureCommentViewController.xib */,
				EE79B0F01CC8C435001029EF /* ShowBigPictureViewController.h */,
				EE79B0F11CC8C435001029EF /* ShowBigPictureViewController.m */,
				EE79B0F21CC8C435001029EF /* ShowBigPictureViewController.xib */,
			);
			path = Controller;
			sourceTree = "<group>";
		};
		EE79B0E21CC8C435001029EF /* Model */ = {
			isa = PBXGroup;
			children = (
				EE79B0E31CC8C435001029EF /* TTPicture.h */,
				EE79B0E41CC8C435001029EF /* TTPicture.m */,
				EE79B0E51CC8C435001029EF /* TTPictureComment.h */,
				EE79B0E61CC8C435001029EF /* TTPictureComment.m */,
				EE79B0E71CC8C435001029EF /* TTPictureUser.h */,
				EE79B0E81CC8C435001029EF /* TTPictureUser.m */,
			);
			path = Model;
			sourceTree = "<group>";
		};
		EE79B0E91CC8C435001029EF /* View */ = {
			isa = PBXGroup;
			children = (
				EE79B0ED1CC8C435001029EF /* PictureTableViewCell.h */,
				EE79B0EE1CC8C435001029EF /* PictureTableViewCell.m */,
				EE79B0EF1CC8C435001029EF /* PictureTableViewCell.xib */,
				EE79B0EA1CC8C435001029EF /* PictureCommentCell.h */,
				EE79B0EB1CC8C435001029EF /* PictureCommentCell.m */,
				EE79B0EC1CC8C435001029EF /* PictureCommentCell.xib */,
			);
			path = View;
			sourceTree = "<group>";
		};
		EE79B0F31CC8C435001029EF /* Video */ = {
			isa = PBXGroup;
			children = (
				EE79B0F41CC8C435001029EF /* Controller */,
				EE79B0FA1CC8C435001029EF /* Model */,
				EE79B1011CC8C435001029EF /* VideoPlay */,
				EE79B1071CC8C435001029EF /* View */,
			);
			path = Video;
			sourceTree = "<group>";
		};
		EE79B0F41CC8C435001029EF /* Controller */ = {
			isa = PBXGroup;
			children = (
				EE79B0F81CC8C435001029EF /* VideoViewController.h */,
				EE79B0F91CC8C435001029EF /* VideoViewController.m */,
				EE79B0F51CC8C435001029EF /* VideoCommentViewController.h */,
				EE79B0F61CC8C435001029EF /* VideoCommentViewController.m */,
				EE79B0F71CC8C435001029EF /* VideoCommentViewController.xib */,
			);
			path = Controller;
			sourceTree = "<group>";
		};
		EE79B0FA1CC8C435001029EF /* Model */ = {
			isa = PBXGroup;
			children = (
				EE79B0FB1CC8C435001029EF /* TTVideo.h */,
				EE79B0FC1CC8C435001029EF /* TTVideo.m */,
				EE79B0FD1CC8C435001029EF /* TTVideoComment.h */,
				EE79B0FE1CC8C435001029EF /* TTVideoComment.m */,
				EE79B0FF1CC8C435001029EF /* TTVideoUser.h */,
				EE79B1001CC8C435001029EF /* TTVideoUser.m */,
			);
			path = Model;
			sourceTree = "<group>";
		};
		EE79B1011CC8C435001029EF /* VideoPlay */ = {
			isa = PBXGroup;
			children = (
				EE79B1021CC8C435001029EF /* FullViewController.h */,
				EE79B1031CC8C435001029EF /* FullViewController.m */,
				EE79B1041CC8C435001029EF /* VideoPlayView.h */,
				EE79B1051CC8C435001029EF /* VideoPlayView.m */,
				EE79B1061CC8C435001029EF /* VideoPlayView.xib */,
			);
			path = VideoPlay;
			sourceTree = "<group>";
		};
		EE79B1071CC8C435001029EF /* View */ = {
			isa = PBXGroup;
			children = (
				EE79B10B1CC8C435001029EF /* VideoTableViewCell.h */,
				EE79B10C1CC8C435001029EF /* VideoTableViewCell.m */,
				EE79B10D1CC8C435001029EF /* VideoTableViewCell.xib */,
				EE79B1081CC8C435001029EF /* VideoCommentCell.h */,
				EE79B1091CC8C435001029EF /* VideoCommentCell.m */,
				EE79B10A1CC8C435001029EF /* VideoCommentCell.xib */,
			);
			path = View;
			sourceTree = "<group>";
		};
		EEB3DF7F1D8EDB550039ABF5 /* NewFile */ = {
			isa = PBXGroup;
			children = (
			);
			name = NewFile;
			sourceTree = "<group>";
		};
		EEC791801CD1AE72008B7C2D /* Cell */ = {
			isa = PBXGroup;
			children = (
				EE79B0B11CC8C435001029EF /* NoPictureNewsTableViewCell.h */,
				EE79B0B21CC8C435001029EF /* NoPictureNewsTableViewCell.m */,
				EE79B0B31CC8C435001029EF /* NoPictureNewsTableViewCell.xib */,
				EE79B0B41CC8C435001029EF /* SinglePictureNewsTableViewCell.h */,
				EE79B0B51CC8C435001029EF /* SinglePictureNewsTableViewCell.m */,
				EE79B0B61CC8C435001029EF /* SinglePictureNewsTableViewCell.xib */,
				EE79B0AE1CC8C435001029EF /* MultiPictureTableViewCell.h */,
				EE79B0AF1CC8C435001029EF /* MultiPictureTableViewCell.m */,
				EE79B0B01CC8C435001029EF /* MultiPictureTableViewCell.xib */,
				EEB3DF991D8F913A0039ABF5 /* BigPictureTableViewCell.h */,
				EEB3DF9A1D8F913A0039ABF5 /* BigPictureTableViewCell.m */,
				EEB3DF9B1D8F913A0039ABF5 /* BigPictureTableViewCell.xib */,
				EEB3DF9E1D8F92010039ABF5 /* TopPictureTableViewCell.h */,
				EEB3DF9F1D8F92010039ABF5 /* TopPictureTableViewCell.m */,
				EEB3DFA01D8F92010039ABF5 /* TopPictureTableViewCell.xib */,
				EEB3DFA61D8F92920039ABF5 /* TopTextTableViewCell.h */,
				EEB3DFA71D8F92920039ABF5 /* TopTextTableViewCell.m */,
				EEB3DFA81D8F92920039ABF5 /* TopTextTableViewCell.xib */,
				EE79B0AB1CC8C435001029EF /* ChannelCollectionViewCell.h */,
				EE79B0AC1CC8C435001029EF /* ChannelCollectionViewCell.m */,
				EE79B0AD1CC8C435001029EF /* ChannelCollectionViewCell.xib */,
			);
			name = Cell;
			sourceTree = "<group>";
		};
		FEE7BD5D4A5B10AF1F933FC9 /* Pods */ = {
			isa = PBXGroup;
			children = (
				9D08A2A40F47DA39E7253110 /* Pods-TTNews.debug.xcconfig */,
				53428844E2216BE5C197C066 /* Pods-TTNews.release.xcconfig */,
			);
			name = Pods;
			sourceTree = "<group>";
		};
/* End PBXGroup section */

/* Begin PBXNativeTarget section */
		EE4635C21CC72B8900DB248F /* TTNews */ = {
			isa = PBXNativeTarget;
			buildConfigurationList = EE4635F01CC72B8A00DB248F /* Build configuration list for PBXNativeTarget "TTNews" */;
			buildPhases = (
				1AE00DDF8EBBF681D93CF56F /* Check Pods Manifest.lock */,
				EE4635BF1CC72B8900DB248F /* Sources */,
				EE4635C01CC72B8900DB248F /* Frameworks */,
				EE4635C11CC72B8900DB248F /* Resources */,
				60B51DF1B2ECD0D3BBF39900 /* Embed Pods Frameworks */,
				FA83F04A92182C30BDA63B36 /* Copy Pods Resources */,
			);
			buildRules = (
			);
			dependencies = (
			);
			name = TTNews;
			productName = TTNews;
			productReference = EE4635C31CC72B8900DB248F /* TTNews.app */;
			productType = "com.apple.product-type.application";
		};
		EE4635DB1CC72B8A00DB248F /* TTNewsTests */ = {
			isa = PBXNativeTarget;
			buildConfigurationList = EE4635F31CC72B8A00DB248F /* Build configuration list for PBXNativeTarget "TTNewsTests" */;
			buildPhases = (
				EE4635D81CC72B8A00DB248F /* Sources */,
				EE4635D91CC72B8A00DB248F /* Frameworks */,
				EE4635DA1CC72B8A00DB248F /* Resources */,
			);
			buildRules = (
			);
			dependencies = (
				EE4635DE1CC72B8A00DB248F /* PBXTargetDependency */,
			);
			name = TTNewsTests;
			productName = TTNewsTests;
			productReference = EE4635DC1CC72B8A00DB248F /* TTNewsTests.xctest */;
			productType = "com.apple.product-type.bundle.unit-test";
		};
		EE4635E61CC72B8A00DB248F /* TTNewsUITests */ = {
			isa = PBXNativeTarget;
			buildConfigurationList = EE4635F61CC72B8A00DB248F /* Build configuration list for PBXNativeTarget "TTNewsUITests" */;
			buildPhases = (
				EE4635E31CC72B8A00DB248F /* Sources */,
				EE4635E41CC72B8A00DB248F /* Frameworks */,
				EE4635E51CC72B8A00DB248F /* Resources */,
			);
			buildRules = (
			);
			dependencies = (
				EE4635E91CC72B8A00DB248F /* PBXTargetDependency */,
			);
			name = TTNewsUITests;
			productName = TTNewsUITests;
			productReference = EE4635E71CC72B8A00DB248F /* TTNewsUITests.xctest */;
			productType = "com.apple.product-type.bundle.ui-testing";
		};
/* End PBXNativeTarget section */

/* Begin PBXProject section */
		EE4635BB1CC72B8900DB248F /* Project object */ = {
			isa = PBXProject;
			attributes = {
				LastUpgradeCheck = 0810;
				ORGANIZATIONNAME = "瑞文戴尔";
				TargetAttributes = {
					EE4635C21CC72B8900DB248F = {
						CreatedOnToolsVersion = 7.3;
					};
					EE4635DB1CC72B8A00DB248F = {
						CreatedOnToolsVersion = 7.3;
						DevelopmentTeam = FJ2RR7PUE2;
						TestTargetID = EE4635C21CC72B8900DB248F;
					};
					EE4635E61CC72B8A00DB248F = {
						CreatedOnToolsVersion = 7.3;
						DevelopmentTeam = FJ2RR7PUE2;
						TestTargetID = EE4635C21CC72B8900DB248F;
					};
				};
			};
			buildConfigurationList = EE4635BE1CC72B8900DB248F /* Build configuration list for PBXProject "TTNews" */;
			compatibilityVersion = "Xcode 3.2";
			developmentRegion = English;
			hasScannedForEncodings = 0;
			knownRegions = (
				en,
				Base,
			);
			mainGroup = EE4635BA1CC72B8900DB248F;
			productRefGroup = EE4635C41CC72B8900DB248F /* Products */;
			projectDirPath = "";
			projectRoot = "";
			targets = (
				EE4635C21CC72B8900DB248F /* TTNews */,
				EE4635DB1CC72B8A00DB248F /* TTNewsTests */,
				EE4635E61CC72B8A00DB248F /* TTNewsUITests */,
			);
		};
/* End PBXProject section */

/* Begin PBXResourcesBuildPhase section */
		EE4635C11CC72B8900DB248F /* Resources */ = {
			isa = PBXResourcesBuildPhase;
			buildActionMask = 2147483647;
			files = (
				EE4635D31CC72B8900DB248F /* Assets.xcassets in Resources */,
				EE79B14A1CC8C435001029EF /* VideoTableViewCell.xib in Resources */,
				EE79B11B1CC8C435001029EF /* ChannelCollectionViewCell.xib in Resources */,
				EE79B13D1CC8C435001029EF /* ShowBigPictureViewController.xib in Resources */,
				EE79B1391CC8C435001029EF /* PictureCommentCell.xib in Resources */,
				EE79B1461CC8C435001029EF /* VideoPlayView.xib in Resources */,
				EE79B11F1CC8C435001029EF /* NoPictureNewsTableViewCell.xib in Resources */,
				EE4636B81CC7499D00DB248F /* LaunchScreen.xib in Resources */,
				EE79B10F1CC8C435001029EF /* AppInfoViewController.xib in Resources */,
				EEB3DF9D1D8F913A0039ABF5 /* BigPictureTableViewCell.xib in Resources */,
				EE79B1211CC8C435001029EF /* SinglePictureNewsTableViewCell.xib in Resources */,
				EE79B13B1CC8C435001029EF /* PictureTableViewCell.xib in Resources */,
				EEB3DFAA1D8F92920039ABF5 /* TopTextTableViewCell.xib in Resources */,
				EE79B11D1CC8C435001029EF /* MultiPictureTableViewCell.xib in Resources */,
				EE79B1481CC8C435001029EF /* VideoCommentCell.xib in Resources */,
				EEB3DFA21D8F92010039ABF5 /* TopPictureTableViewCell.xib in Resources */,
				EE79B1331CC8C435001029EF /* PictureCommentViewController.xib in Resources */,
				EE79B1111CC8C435001029EF /* EditUserInfoViewController.xib in Resources */,
				EE79B13F1CC8C435001029EF /* VideoCommentViewController.xib in Resources */,
				EE4BEB5D1D5480E400B4A035 /* NewsURLs.plist in Resources */,
			);
			runOnlyForDeploymentPostprocessing = 0;
		};
		EE4635DA1CC72B8A00DB248F /* Resources */ = {
			isa = PBXResourcesBuildPhase;
			buildActionMask = 2147483647;
			files = (
			);
			runOnlyForDeploymentPostprocessing = 0;
		};
		EE4635E51CC72B8A00DB248F /* Resources */ = {
			isa = PBXResourcesBuildPhase;
			buildActionMask = 2147483647;
			files = (
			);
			runOnlyForDeploymentPostprocessing = 0;
		};
/* End PBXResourcesBuildPhase section */

/* Begin PBXShellScriptBuildPhase section */
		1AE00DDF8EBBF681D93CF56F /* Check Pods Manifest.lock */ = {
			isa = PBXShellScriptBuildPhase;
			buildActionMask = 2147483647;
			files = (
			);
			inputPaths = (
			);
			name = "Check Pods Manifest.lock";
			outputPaths = (
			);
			runOnlyForDeploymentPostprocessing = 0;
			shellPath = /bin/sh;
			shellScript = "diff \"${PODS_ROOT}/../Podfile.lock\" \"${PODS_ROOT}/Manifest.lock\" > /dev/null\nif [[ $? != 0 ]] ; then\n    cat << EOM\nerror: The sandbox is not in sync with the Podfile.lock. Run 'pod install' or update your CocoaPods installation.\nEOM\n    exit 1\nfi\n";
			showEnvVarsInLog = 0;
		};
		60B51DF1B2ECD0D3BBF39900 /* Embed Pods Frameworks */ = {
			isa = PBXShellScriptBuildPhase;
			buildActionMask = 2147483647;
			files = (
			);
			inputPaths = (
			);
			name = "Embed Pods Frameworks";
			outputPaths = (
			);
			runOnlyForDeploymentPostprocessing = 0;
			shellPath = /bin/sh;
			shellScript = "\"${SRCROOT}/Pods/Target Support Files/Pods-TTNews/Pods-TTNews-frameworks.sh\"\n";
			showEnvVarsInLog = 0;
		};
		FA83F04A92182C30BDA63B36 /* Copy Pods Resources */ = {
			isa = PBXShellScriptBuildPhase;
			buildActionMask = 2147483647;
			files = (
			);
			inputPaths = (
			);
			name = "Copy Pods Resources";
			outputPaths = (
			);
			runOnlyForDeploymentPostprocessing = 0;
			shellPath = /bin/sh;
			shellScript = "\"${SRCROOT}/Pods/Target Support Files/Pods-TTNews/Pods-TTNews-resources.sh\"\n";
			showEnvVarsInLog = 0;
		};
/* End PBXShellScriptBuildPhase section */

/* Begin PBXSourcesBuildPhase section */
		EE4635BF1CC72B8900DB248F /* Sources */ = {
			isa = PBXSourcesBuildPhase;
			buildActionMask = 2147483647;
			files = (
				EEB3DF6F1D8ED0130039ABF5 /* SXNewsEntity.m in Sources */,
				EE79B1351CC8C435001029EF /* TTPicture.m in Sources */,
				EE79B1381CC8C435001029EF /* PictureCommentCell.m in Sources */,
				EE8A194C1D5C476C00BAE119 /* TTNetworkManager.m in Sources */,
				EE79B10E1CC8C435001029EF /* AppInfoViewController.m in Sources */,
				EE79B1281CC8C435001029EF /* TTConst.m in Sources */,
				EE8A19351D5AF9FD00BAE119 /* UserInfoCell.m in Sources */,
				EE79B12D1CC8C435001029EF /* AppDelegate.m in Sources */,
				EE8A19381D5B04C800BAE119 /* SwitchCell.m in Sources */,
				EE79B12E1CC8C435001029EF /* TTNavigationController.m in Sources */,
				EE79B1301CC8C435001029EF /* Reachability.m in Sources */,
				EE79B1411CC8C435001029EF /* TTVideo.m in Sources */,
				EE79B1491CC8C435001029EF /* VideoTableViewCell.m in Sources */,
				EE79B13E1CC8C435001029EF /* VideoCommentViewController.m in Sources */,
				EE79B1361CC8C435001029EF /* TTPictureComment.m in Sources */,
				EE79B11A1CC8C435001029EF /* ChannelCollectionViewCell.m in Sources */,
				EE79B1371CC8C435001029EF /* TTPictureUser.m in Sources */,
				EE79B1321CC8C435001029EF /* PictureCommentViewController.m in Sources */,
				EE79B1271CC8C435001029EF /* UIView+Extension.m in Sources */,
				EE79B1101CC8C435001029EF /* EditUserInfoViewController.m in Sources */,
				EE79B13C1CC8C435001029EF /* ShowBigPictureViewController.m in Sources */,
				EEB3DFA91D8F92920039ABF5 /* TopTextTableViewCell.m in Sources */,
				EEE3E81E1CD5AD3E00D699E0 /* ChannelsSectionHeaderView.m in Sources */,
				EE79B13A1CC8C435001029EF /* PictureTableViewCell.m in Sources */,
				EE79B1341CC8C435001029EF /* PictureViewController.m in Sources */,
				EE79B1181CC8C435001029EF /* TTHeaderNews.m in Sources */,
				EE79B1161CC8C435001029EF /* NewsViewController.m in Sources */,
				EE79B12C1CC8C435001029EF /* TTVideoFetchDataParameter.m in Sources */,
				EE79B1241CC8C435001029EF /* UIBarButtonItem+Extension.m in Sources */,
				EE79B12F1CC8C435001029EF /* TTTabBarController.m in Sources */,
				EE3A071E1CDA1DAD0024C37A /* ContentTableViewController.m in Sources */,
				EE79B1251CC8C435001029EF /* UIImage+Extension.m in Sources */,
				EE79B11E1CC8C435001029EF /* NoPictureNewsTableViewCell.m in Sources */,
				EE79B1471CC8C435001029EF /* VideoCommentCell.m in Sources */,
				EE79B1291CC8C435001029EF /* TTDataTool.m in Sources */,
				EE79B1201CC8C435001029EF /* SinglePictureNewsTableViewCell.m in Sources */,
				EE79B1191CC8C435001029EF /* TTNormalNews.m in Sources */,
				EE79B1401CC8C435001029EF /* VideoViewController.m in Sources */,
				EE4635C81CC72B8900DB248F /* main.m in Sources */,
				EEC791841CD1AEB8008B7C2D /* TTImageCyclePlayView.m in Sources */,
				EE8A193B1D5B2BDD00BAE119 /* TwoLabelCell.m in Sources */,
				EE79B1231CC8C435001029EF /* NSDate+Extension.m in Sources */,
				EE79B11C1CC8C435001029EF /* MultiPictureTableViewCell.m in Sources */,
				EEB3DFA11D8F92010039ABF5 /* TopPictureTableViewCell.m in Sources */,
				EE79B1261CC8C435001029EF /* UIImageView+Extension.m in Sources */,
				EE79B1441CC8C435001029EF /* FullViewController.m in Sources */,
				EE79B1431CC8C435001029EF /* TTVideoUser.m in Sources */,
				EE79B1121CC8C435001029EF /* MeTableViewController.m in Sources */,
				EE79B1421CC8C435001029EF /* TTVideoComment.m in Sources */,
				EEB32A4B1CD38CAF00FF0AB8 /* TTTopChannelContianerView.m in Sources */,
				EE79B1451CC8C435001029EF /* VideoPlayView.m in Sources */,
				EE79B12B1CC8C435001029EF /* TTPictureFetchDataParameter.m in Sources */,
				EE79B1131CC8C435001029EF /* SendFeedbackViewController.m in Sources */,
				EE79B12A1CC8C435001029EF /* TTNormalNewsFetchDataParameter.m in Sources */,
				EE79B1171CC8C435001029EF /* ShowMultiPictureViewController.m in Sources */,
				EE79B1151CC8C435001029EF /* DetailViewController.m in Sources */,
				EE79B1221CC8C435001029EF /* Foundation+Log.m in Sources */,
				EEB3DF9C1D8F913A0039ABF5 /* BigPictureTableViewCell.m in Sources */,
				EE79B1311CC8C435001029EF /* TTJudgeNetworking.m in Sources */,
				EE8A193E1D5B46CE00BAE119 /* DisclosureCell.m in Sources */,
				EEB3DF761D8ED3730039ABF5 /* SXNetworkTools.m in Sources */,
			);
			runOnlyForDeploymentPostprocessing = 0;
		};
		EE4635D81CC72B8A00DB248F /* Sources */ = {
			isa = PBXSourcesBuildPhase;
			buildActionMask = 2147483647;
			files = (
				EE4635E11CC72B8A00DB248F /* TTNewsTests.m in Sources */,
			);
			runOnlyForDeploymentPostprocessing = 0;
		};
		EE4635E31CC72B8A00DB248F /* Sources */ = {
			isa = PBXSourcesBuildPhase;
			buildActionMask = 2147483647;
			files = (
				EE4635EC1CC72B8A00DB248F /* TTNewsUITests.m in Sources */,
			);
			runOnlyForDeploymentPostprocessing = 0;
		};
/* End PBXSourcesBuildPhase section */

/* Begin PBXTargetDependency section */
		EE4635DE1CC72B8A00DB248F /* PBXTargetDependency */ = {
			isa = PBXTargetDependency;
			target = EE4635C21CC72B8900DB248F /* TTNews */;
			targetProxy = EE4635DD1CC72B8A00DB248F /* PBXContainerItemProxy */;
		};
		EE4635E91CC72B8A00DB248F /* PBXTargetDependency */ = {
			isa = PBXTargetDependency;
			target = EE4635C21CC72B8900DB248F /* TTNews */;
			targetProxy = EE4635E81CC72B8A00DB248F /* PBXContainerItemProxy */;
		};
/* End PBXTargetDependency section */

/* Begin XCBuildConfiguration section */
		EE4635EE1CC72B8A00DB248F /* Debug */ = {
			isa = XCBuildConfiguration;
			buildSettings = {
				ALWAYS_SEARCH_USER_PATHS = NO;
				CLANG_ANALYZER_NONNULL = YES;
				CLANG_CXX_LANGUAGE_STANDARD = "gnu++0x";
				CLANG_CXX_LIBRARY = "libc++";
				CLANG_ENABLE_MODULES = YES;
				CLANG_ENABLE_OBJC_ARC = YES;
				CLANG_WARN_BOOL_CONVERSION = YES;
				CLANG_WARN_CONSTANT_CONVERSION = YES;
				CLANG_WARN_DIRECT_OBJC_ISA_USAGE = YES_ERROR;
				CLANG_WARN_EMPTY_BODY = YES;
				CLANG_WARN_ENUM_CONVERSION = YES;
				CLANG_WARN_INFINITE_RECURSION = YES;
				CLANG_WARN_INT_CONVERSION = YES;
				CLANG_WARN_OBJC_ROOT_CLASS = YES_ERROR;
				CLANG_WARN_SUSPICIOUS_MOVE = YES;
				CLANG_WARN_UNREACHABLE_CODE = YES;
				CLANG_WARN__DUPLICATE_METHOD_MATCH = YES;
				"CODE_SIGN_IDENTITY[sdk=iphoneos*]" = "iPhone Developer";
				COPY_PHASE_STRIP = NO;
				DEBUG_INFORMATION_FORMAT = dwarf;
				ENABLE_STRICT_OBJC_MSGSEND = YES;
				ENABLE_TESTABILITY = YES;
				GCC_C_LANGUAGE_STANDARD = gnu99;
				GCC_DYNAMIC_NO_PIC = NO;
				GCC_NO_COMMON_BLOCKS = YES;
				GCC_OPTIMIZATION_LEVEL = 0;
				GCC_PREPROCESSOR_DEFINITIONS = (
					"DEBUG=1",
					"$(inherited)",
				);
				GCC_WARN_64_TO_32_BIT_CONVERSION = YES;
				GCC_WARN_ABOUT_RETURN_TYPE = YES_ERROR;
				GCC_WARN_UNDECLARED_SELECTOR = YES;
				GCC_WARN_UNINITIALIZED_AUTOS = YES_AGGRESSIVE;
				GCC_WARN_UNUSED_FUNCTION = YES;
				GCC_WARN_UNUSED_VARIABLE = YES;
				IPHONEOS_DEPLOYMENT_TARGET = 9.3;
				MTL_ENABLE_DEBUG_INFO = YES;
				ONLY_ACTIVE_ARCH = YES;
				SDKROOT = iphoneos;
				TARGETED_DEVICE_FAMILY = "1,2";
			};
			name = Debug;
		};
		EE4635EF1CC72B8A00DB248F /* Release */ = {
			isa = XCBuildConfiguration;
			buildSettings = {
				ALWAYS_SEARCH_USER_PATHS = NO;
				CLANG_ANALYZER_NONNULL = YES;
				CLANG_CXX_LANGUAGE_STANDARD = "gnu++0x";
				CLANG_CXX_LIBRARY = "libc++";
				CLANG_ENABLE_MODULES = YES;
				CLANG_ENABLE_OBJC_ARC = YES;
				CLANG_WARN_BOOL_CONVERSION = YES;
				CLANG_WARN_CONSTANT_CONVERSION = YES;
				CLANG_WARN_DIRECT_OBJC_ISA_USAGE = YES_ERROR;
				CLANG_WARN_EMPTY_BODY = YES;
				CLANG_WARN_ENUM_CONVERSION = YES;
				CLANG_WARN_INFINITE_RECURSION = YES;
				CLANG_WARN_INT_CONVERSION = YES;
				CLANG_WARN_OBJC_ROOT_CLASS = YES_ERROR;
				CLANG_WARN_SUSPICIOUS_MOVE = YES;
				CLANG_WARN_UNREACHABLE_CODE = YES;
				CLANG_WARN__DUPLICATE_METHOD_MATCH = YES;
				"CODE_SIGN_IDENTITY[sdk=iphoneos*]" = "iPhone Developer";
				COPY_PHASE_STRIP = NO;
				DEBUG_INFORMATION_FORMAT = "dwarf-with-dsym";
				ENABLE_NS_ASSERTIONS = NO;
				ENABLE_STRICT_OBJC_MSGSEND = YES;
				GCC_C_LANGUAGE_STANDARD = gnu99;
				GCC_NO_COMMON_BLOCKS = YES;
				GCC_WARN_64_TO_32_BIT_CONVERSION = YES;
				GCC_WARN_ABOUT_RETURN_TYPE = YES_ERROR;
				GCC_WARN_UNDECLARED_SELECTOR = YES;
				GCC_WARN_UNINITIALIZED_AUTOS = YES_AGGRESSIVE;
				GCC_WARN_UNUSED_FUNCTION = YES;
				GCC_WARN_UNUSED_VARIABLE = YES;
				IPHONEOS_DEPLOYMENT_TARGET = 9.3;
				MTL_ENABLE_DEBUG_INFO = NO;
				SDKROOT = iphoneos;
				TARGETED_DEVICE_FAMILY = "1,2";
				VALIDATE_PRODUCT = YES;
			};
			name = Release;
		};
		EE4635F11CC72B8A00DB248F /* Debug */ = {
			isa = XCBuildConfiguration;
			baseConfigurationReference = 9D08A2A40F47DA39E7253110 /* Pods-TTNews.debug.xcconfig */;
			buildSettings = {
				ASSETCATALOG_COMPILER_APPICON_NAME = AppIcon;
				CODE_SIGN_IDENTITY = "iPhone Developer";
				"CODE_SIGN_IDENTITY[sdk=iphoneos*]" = "iPhone Developer";
				INFOPLIST_FILE = TTNews/Info.plist;
				IPHONEOS_DEPLOYMENT_TARGET = 8.0;
				LD_RUNPATH_SEARCH_PATHS = "$(inherited) @executable_path/Frameworks";
				PRODUCT_BUNDLE_IDENTIFIER = yangjunhui.TTNews12;
				PRODUCT_NAME = "$(TARGET_NAME)";
				PROVISIONING_PROFILE = "";
			};
			name = Debug;
		};
		EE4635F21CC72B8A00DB248F /* Release */ = {
			isa = XCBuildConfiguration;
			baseConfigurationReference = 53428844E2216BE5C197C066 /* Pods-TTNews.release.xcconfig */;
			buildSettings = {
				ASSETCATALOG_COMPILER_APPICON_NAME = AppIcon;
				CODE_SIGN_IDENTITY = "iPhone Developer";
				"CODE_SIGN_IDENTITY[sdk=iphoneos*]" = "iPhone Developer";
				INFOPLIST_FILE = TTNews/Info.plist;
				IPHONEOS_DEPLOYMENT_TARGET = 8.0;
				LD_RUNPATH_SEARCH_PATHS = "$(inherited) @executable_path/Frameworks";
				PRODUCT_BUNDLE_IDENTIFIER = yangjunhui.TTNews12;
				PRODUCT_NAME = "$(TARGET_NAME)";
				PROVISIONING_PROFILE = "";
			};
			name = Release;
		};
		EE4635F41CC72B8A00DB248F /* Debug */ = {
			isa = XCBuildConfiguration;
			buildSettings = {
				BUNDLE_LOADER = "$(TEST_HOST)";
				INFOPLIST_FILE = TTNewsTests/Info.plist;
				LD_RUNPATH_SEARCH_PATHS = "$(inherited) @executable_path/Frameworks @loader_path/Frameworks";
				PRODUCT_BUNDLE_IDENTIFIER = yangjunhui.TTNewsTests;
				PRODUCT_NAME = "$(TARGET_NAME)";
				TEST_HOST = "$(BUILT_PRODUCTS_DIR)/TTNews.app/TTNews";
			};
			name = Debug;
		};
		EE4635F51CC72B8A00DB248F /* Release */ = {
			isa = XCBuildConfiguration;
			buildSettings = {
				BUNDLE_LOADER = "$(TEST_HOST)";
				INFOPLIST_FILE = TTNewsTests/Info.plist;
				LD_RUNPATH_SEARCH_PATHS = "$(inherited) @executable_path/Frameworks @loader_path/Frameworks";
				PRODUCT_BUNDLE_IDENTIFIER = yangjunhui.TTNewsTests;
				PRODUCT_NAME = "$(TARGET_NAME)";
				TEST_HOST = "$(BUILT_PRODUCTS_DIR)/TTNews.app/TTNews";
			};
			name = Release;
		};
		EE4635F71CC72B8A00DB248F /* Debug */ = {
			isa = XCBuildConfiguration;
			buildSettings = {
				INFOPLIST_FILE = TTNewsUITests/Info.plist;
				LD_RUNPATH_SEARCH_PATHS = "$(inherited) @executable_path/Frameworks @loader_path/Frameworks";
				PRODUCT_BUNDLE_IDENTIFIER = yangjunhui.TTNewsUITests;
				PRODUCT_NAME = "$(TARGET_NAME)";
				TEST_TARGET_NAME = TTNews;
			};
			name = Debug;
		};
		EE4635F81CC72B8A00DB248F /* Release */ = {
			isa = XCBuildConfiguration;
			buildSettings = {
				INFOPLIST_FILE = TTNewsUITests/Info.plist;
				LD_RUNPATH_SEARCH_PATHS = "$(inherited) @executable_path/Frameworks @loader_path/Frameworks";
				PRODUCT_BUNDLE_IDENTIFIER = yangjunhui.TTNewsUITests;
				PRODUCT_NAME = "$(TARGET_NAME)";
				TEST_TARGET_NAME = TTNews;
			};
			name = Release;
		};
/* End XCBuildConfiguration section */

/* Begin XCConfigurationList section */
		EE4635BE1CC72B8900DB248F /* Build configuration list for PBXProject "TTNews" */ = {
			isa = XCConfigurationList;
			buildConfigurations = (
				EE4635EE1CC72B8A00DB248F /* Debug */,
				EE4635EF1CC72B8A00DB248F /* Release */,
			);
			defaultConfigurationIsVisible = 0;
			defaultConfigurationName = Release;
		};
		EE4635F01CC72B8A00DB248F /* Build configuration list for PBXNativeTarget "TTNews" */ = {
			isa = XCConfigurationList;
			buildConfigurations = (
				EE4635F11CC72B8A00DB248F /* Debug */,
				EE4635F21CC72B8A00DB248F /* Release */,
			);
			defaultConfigurationIsVisible = 0;
			defaultConfigurationName = Release;
		};
		EE4635F31CC72B8A00DB248F /* Build configuration list for PBXNativeTarget "TTNewsTests" */ = {
			isa = XCConfigurationList;
			buildConfigurations = (
				EE4635F41CC72B8A00DB248F /* Debug */,
				EE4635F51CC72B8A00DB248F /* Release */,
			);
			defaultConfigurationIsVisible = 0;
			defaultConfigurationName = Release;
		};
		EE4635F61CC72B8A00DB248F /* Build configuration list for PBXNativeTarget "TTNewsUITests" */ = {
			isa = XCConfigurationList;
			buildConfigurations = (
				EE4635F71CC72B8A00DB248F /* Debug */,
				EE4635F81CC72B8A00DB248F /* Release */,
			);
			defaultConfigurationIsVisible = 0;
			defaultConfigurationName = Release;
		};
/* End XCConfigurationList section */
	};
	rootObject = EE4635BB1CC72B8900DB248F /* Project object */;
}
